// !$*UTF8*$!
{
	archiveVersion = 1;
	classes = {
	};
	objectVersion = 46;
	objects = {

/* Begin PBXBuildFile section */
		3D245973C4C74DDF880A62C8 /* libPods-pdTest.a in Frameworks */ = {isa = PBXBuildFile; fileRef = 7F6617C4F17B4EB28E5E8190 /* libPods-pdTest.a */; };
		EA1C263617E2B12A00CEEB71 /* Foundation.framework in Frameworks */ = {isa = PBXBuildFile; fileRef = EAFC061F17ABA3EA007F4122 /* Foundation.framework */; };
		EA1C263717E2B12A00CEEB71 /* CoreGraphics.framework in Frameworks */ = {isa = PBXBuildFile; fileRef = EAFC062117ABA3EA007F4122 /* CoreGraphics.framework */; };
		EA1C263817E2B12A00CEEB71 /* UIKit.framework in Frameworks */ = {isa = PBXBuildFile; fileRef = EAFC061D17ABA3EA007F4122 /* UIKit.framework */; };
		EA1C264017E2B12A00CEEB71 /* main.m in Sources */ = {isa = PBXBuildFile; fileRef = EA1C263F17E2B12A00CEEB71 /* main.m */; };
		EA1C264617E2B12A00CEEB71 /* Images.xcassets in Resources */ = {isa = PBXBuildFile; fileRef = EA1C264517E2B12A00CEEB71 /* Images.xcassets */; };
		EA1C264D17E2B12B00CEEB71 /* XCTest.framework in Frameworks */ = {isa = PBXBuildFile; fileRef = EA1C264C17E2B12B00CEEB71 /* XCTest.framework */; };
		EA1C264E17E2B12B00CEEB71 /* Foundation.framework in Frameworks */ = {isa = PBXBuildFile; fileRef = EAFC061F17ABA3EA007F4122 /* Foundation.framework */; };
		EA1C264F17E2B12B00CEEB71 /* UIKit.framework in Frameworks */ = {isa = PBXBuildFile; fileRef = EAFC061D17ABA3EA007F4122 /* UIKit.framework */; };
		EA1C266217E2B1DA00CEEB71 /* testCase.m in Sources */ = {isa = PBXBuildFile; fileRef = EA1C266117E2B1DA00CEEB71 /* testCase.m */; };
		EA1C266317E2D9FB00CEEB71 /* QuartzCore.framework in Frameworks */ = {isa = PBXBuildFile; fileRef = EA3F246017AF4951005232D8 /* QuartzCore.framework */; };
		EA3F245B17AF2D00005232D8 /* Coords.m in Sources */ = {isa = PBXBuildFile; fileRef = EA3F245A17AF2D00005232D8 /* Coords.m */; };
		EA3F245D17AF315B005232D8 /* CoreLocation.framework in Frameworks */ = {isa = PBXBuildFile; fileRef = EA3F245C17AF315B005232D8 /* CoreLocation.framework */; };
		EA3F245F17AF3169005232D8 /* AVFoundation.framework in Frameworks */ = {isa = PBXBuildFile; fileRef = EA3F245E17AF3169005232D8 /* AVFoundation.framework */; };
		EA3F246117AF4951005232D8 /* QuartzCore.framework in Frameworks */ = {isa = PBXBuildFile; fileRef = EA3F246017AF4951005232D8 /* QuartzCore.framework */; };
		EA4E4A9517B0807B00617FBB /* Message.m in Sources */ = {isa = PBXBuildFile; fileRef = EA4E4A9417B0807B00617FBB /* Message.m */; };
		EA4E4A9817B0893F00617FBB /* UserInfo.m in Sources */ = {isa = PBXBuildFile; fileRef = EA4E4A9717B0893F00617FBB /* UserInfo.m */; };
		EA4E4A9B17B0A5C000617FBB /* LoginAuth.m in Sources */ = {isa = PBXBuildFile; fileRef = EA4E4A9A17B0A5C000617FBB /* LoginAuth.m */; };
		EA5FD54317B34EB5003AEA4B /* pd_rabbit_found.png in Resources */ = {isa = PBXBuildFile; fileRef = EA5FD54217B34EB5003AEA4B /* pd_rabbit_found.png */; };
		EA5FD54D17B34ED8003AEA4B /* icon-72.png in Resources */ = {isa = PBXBuildFile; fileRef = EA5FD54517B34ED8003AEA4B /* icon-72.png */; };
		EA5FD54E17B34ED8003AEA4B /* icon-72@2x.png in Resources */ = {isa = PBXBuildFile; fileRef = EA5FD54617B34ED8003AEA4B /* icon-72@2x.png */; };
		EA5FD54F17B34ED8003AEA4B /* icon-Small-50.png in Resources */ = {isa = PBXBuildFile; fileRef = EA5FD54717B34ED8003AEA4B /* icon-Small-50.png */; };
		EA5FD55017B34ED8003AEA4B /* icon-Small-50@2x.png in Resources */ = {isa = PBXBuildFile; fileRef = EA5FD54817B34ED8003AEA4B /* icon-Small-50@2x.png */; };
		EA5FD55117B34ED8003AEA4B /* icon-Small.png in Resources */ = {isa = PBXBuildFile; fileRef = EA5FD54917B34ED8003AEA4B /* icon-Small.png */; };
		EA5FD55217B34ED8003AEA4B /* icon-Small@2x.png in Resources */ = {isa = PBXBuildFile; fileRef = EA5FD54A17B34ED8003AEA4B /* icon-Small@2x.png */; };
		EA5FD55317B34ED8003AEA4B /* icon.png in Resources */ = {isa = PBXBuildFile; fileRef = EA5FD54B17B34ED8003AEA4B /* icon.png */; };
		EA5FD55417B34ED8003AEA4B /* icon@2x.png in Resources */ = {isa = PBXBuildFile; fileRef = EA5FD54C17B34ED8003AEA4B /* icon@2x.png */; };
		EA5FD55717B355E6003AEA4B /* UserPoint.m in Sources */ = {isa = PBXBuildFile; fileRef = EA5FD55617B355E6003AEA4B /* UserPoint.m */; };
		EA5FD55917B365C2003AEA4B /* Accounts.framework in Frameworks */ = {isa = PBXBuildFile; fileRef = EA5FD55817B365C1003AEA4B /* Accounts.framework */; };
		EA5FD55B17B365F3003AEA4B /* Twitter.framework in Frameworks */ = {isa = PBXBuildFile; fileRef = EA5FD55A17B365F3003AEA4B /* Twitter.framework */; };
		EA5FD56117B387D2003AEA4B /* AlertViewWithBlock.m in Sources */ = {isa = PBXBuildFile; fileRef = EA5FD56017B387D0003AEA4B /* AlertViewWithBlock.m */; };
		EA70502717E153600040A12D /* QuartzCore.framework in Frameworks */ = {isa = PBXBuildFile; fileRef = EA3F246017AF4951005232D8 /* QuartzCore.framework */; };
		EA70502817E153A40040A12D /* CoreGraphics.framework in Frameworks */ = {isa = PBXBuildFile; fileRef = EAFC062117ABA3EA007F4122 /* CoreGraphics.framework */; };
		EA9029C417B1D0A0000C9ABA /* TargetPoint.m in Sources */ = {isa = PBXBuildFile; fileRef = EA9029C317B1D0A0000C9ABA /* TargetPoint.m */; };
		EA9029CB17B20A12000C9ABA /* PointDetail.m in Sources */ = {isa = PBXBuildFile; fileRef = EA9029CA17B20A12000C9ABA /* PointDetail.m */; };
		EAC66DAD17D6E37A00DAB7C8 /* MapKit.framework in Frameworks */ = {isa = PBXBuildFile; fileRef = EAC66DAC17D6E37A00DAB7C8 /* MapKit.framework */; };
		EAFC061E17ABA3EA007F4122 /* UIKit.framework in Frameworks */ = {isa = PBXBuildFile; fileRef = EAFC061D17ABA3EA007F4122 /* UIKit.framework */; };
		EAFC062017ABA3EA007F4122 /* Foundation.framework in Frameworks */ = {isa = PBXBuildFile; fileRef = EAFC061F17ABA3EA007F4122 /* Foundation.framework */; };
		EAFC062817ABA3EA007F4122 /* InfoPlist.strings in Resources */ = {isa = PBXBuildFile; fileRef = EAFC062617ABA3EA007F4122 /* InfoPlist.strings */; };
		EAFC062A17ABA3EA007F4122 /* main.m in Sources */ = {isa = PBXBuildFile; fileRef = EAFC062917ABA3EA007F4122 /* main.m */; };
		EAFC062E17ABA3EA007F4122 /* AppDelegate.m in Sources */ = {isa = PBXBuildFile; fileRef = EAFC062D17ABA3EA007F4122 /* AppDelegate.m */; };
		EAFC063117ABA3EA007F4122 /* MainStoryboard_iPhone.storyboard in Resources */ = {isa = PBXBuildFile; fileRef = EAFC062F17ABA3EA007F4122 /* MainStoryboard_iPhone.storyboard */; };
		EAFC063417ABA3EA007F4122 /* MainStoryboard_iPad.storyboard in Resources */ = {isa = PBXBuildFile; fileRef = EAFC063217ABA3EA007F4122 /* MainStoryboard_iPad.storyboard */; };
		EAFC063717ABA3EA007F4122 /* FirstViewController.m in Sources */ = {isa = PBXBuildFile; fileRef = EAFC063617ABA3EA007F4122 /* FirstViewController.m */; };
		EAFC063917ABA3EA007F4122 /* first.png in Resources */ = {isa = PBXBuildFile; fileRef = EAFC063817ABA3EA007F4122 /* first.png */; };
		EAFC063B17ABA3EA007F4122 /* first@2x.png in Resources */ = {isa = PBXBuildFile; fileRef = EAFC063A17ABA3EA007F4122 /* first@2x.png */; };
		EAFC063E17ABA3EA007F4122 /* SecondViewController.m in Sources */ = {isa = PBXBuildFile; fileRef = EAFC063D17ABA3EA007F4122 /* SecondViewController.m */; };
		EAFC064017ABA3EA007F4122 /* second.png in Resources */ = {isa = PBXBuildFile; fileRef = EAFC063F17ABA3EA007F4122 /* second.png */; };
		EAFC064217ABA3EA007F4122 /* second@2x.png in Resources */ = {isa = PBXBuildFile; fileRef = EAFC064117ABA3EA007F4122 /* second@2x.png */; };
		EAFC064A17ABA3EA007F4122 /* SenTestingKit.framework in Frameworks */ = {isa = PBXBuildFile; fileRef = EAFC064917ABA3EA007F4122 /* SenTestingKit.framework */; };
		EAFC064B17ABA3EA007F4122 /* UIKit.framework in Frameworks */ = {isa = PBXBuildFile; fileRef = EAFC061D17ABA3EA007F4122 /* UIKit.framework */; };
		EAFC064C17ABA3EA007F4122 /* Foundation.framework in Frameworks */ = {isa = PBXBuildFile; fileRef = EAFC061F17ABA3EA007F4122 /* Foundation.framework */; };
		EAFD8C8617CF06FC0015048F /* Default-568h@2x.png in Resources */ = {isa = PBXBuildFile; fileRef = EAFD8C8517CF06FC0015048F /* Default-568h@2x.png */; };
/* End PBXBuildFile section */

/* Begin PBXContainerItemProxy section */
		EA1C265017E2B12B00CEEB71 /* PBXContainerItemProxy */ = {
			isa = PBXContainerItemProxy;
			containerPortal = EAFC061017ABA3E9007F4122 /* Project object */;
			proxyType = 1;
			remoteGlobalIDString = EA1C263417E2B12A00CEEB71;
			remoteInfo = pdTest;
		};
		EAFC064D17ABA3EA007F4122 /* PBXContainerItemProxy */ = {
			isa = PBXContainerItemProxy;
			containerPortal = EAFC061017ABA3E9007F4122 /* Project object */;
			proxyType = 1;
			remoteGlobalIDString = EAFC061817ABA3EA007F4122;
			remoteInfo = pointdetector;
		};
/* End PBXContainerItemProxy section */

/* Begin PBXFileReference section */
		7F6617C4F17B4EB28E5E8190 /* libPods-pdTest.a */ = {isa = PBXFileReference; explicitFileType = archive.ar; includeInIndex = 0; path = "libPods-pdTest.a"; sourceTree = BUILT_PRODUCTS_DIR; };
		89A9EC835B4A4094B11144A0 /* Pods-pdTest.xcconfig */ = {isa = PBXFileReference; includeInIndex = 1; lastKnownFileType = text.xcconfig; name = "Pods-pdTest.xcconfig"; path = "Pods/Pods-pdTest.xcconfig"; sourceTree = "<group>"; };
		EA1C263517E2B12A00CEEB71 /* pdTest.app */ = {isa = PBXFileReference; explicitFileType = wrapper.application; includeInIndex = 0; path = pdTest.app; sourceTree = BUILT_PRODUCTS_DIR; };
		EA1C263B17E2B12A00CEEB71 /* pdTest-Info.plist */ = {isa = PBXFileReference; lastKnownFileType = text.plist.xml; path = "pdTest-Info.plist"; sourceTree = "<group>"; };
		EA1C263F17E2B12A00CEEB71 /* main.m */ = {isa = PBXFileReference; lastKnownFileType = sourcecode.c.objc; path = main.m; sourceTree = "<group>"; };
		EA1C264517E2B12A00CEEB71 /* Images.xcassets */ = {isa = PBXFileReference; lastKnownFileType = folder.assetcatalog; path = Images.xcassets; sourceTree = "<group>"; };
		EA1C264B17E2B12B00CEEB71 /* pdTestTests.xctest */ = {isa = PBXFileReference; explicitFileType = wrapper.cfbundle; includeInIndex = 0; path = pdTestTests.xctest; sourceTree = BUILT_PRODUCTS_DIR; };
		EA1C264C17E2B12B00CEEB71 /* XCTest.framework */ = {isa = PBXFileReference; lastKnownFileType = wrapper.framework; name = XCTest.framework; path = Library/Frameworks/XCTest.framework; sourceTree = DEVELOPER_DIR; };
		EA1C266017E2B1DA00CEEB71 /* testCase.h */ = {isa = PBXFileReference; fileEncoding = 4; lastKnownFileType = sourcecode.c.h; path = testCase.h; sourceTree = "<group>"; };
		EA1C266117E2B1DA00CEEB71 /* testCase.m */ = {isa = PBXFileReference; fileEncoding = 4; lastKnownFileType = sourcecode.c.objc; path = testCase.m; sourceTree = "<group>"; };
		EA3F245817AF2CD4005232D8 /* Coords.h */ = {isa = PBXFileReference; fileEncoding = 4; lastKnownFileType = sourcecode.c.h; path = Coords.h; sourceTree = "<group>"; };
		EA3F245A17AF2D00005232D8 /* Coords.m */ = {isa = PBXFileReference; fileEncoding = 4; lastKnownFileType = sourcecode.c.objc; path = Coords.m; sourceTree = "<group>"; };
		EA3F245C17AF315B005232D8 /* CoreLocation.framework */ = {isa = PBXFileReference; lastKnownFileType = wrapper.framework; name = CoreLocation.framework; path = System/Library/Frameworks/CoreLocation.framework; sourceTree = SDKROOT; };
		EA3F245E17AF3169005232D8 /* AVFoundation.framework */ = {isa = PBXFileReference; lastKnownFileType = wrapper.framework; name = AVFoundation.framework; path = System/Library/Frameworks/AVFoundation.framework; sourceTree = SDKROOT; };
		EA3F246017AF4951005232D8 /* QuartzCore.framework */ = {isa = PBXFileReference; lastKnownFileType = wrapper.framework; name = QuartzCore.framework; path = System/Library/Frameworks/QuartzCore.framework; sourceTree = SDKROOT; };
		EA4E4A9317B0805800617FBB /* Message.h */ = {isa = PBXFileReference; fileEncoding = 4; lastKnownFileType = sourcecode.c.h; path = Message.h; sourceTree = "<group>"; };
		EA4E4A9417B0807B00617FBB /* Message.m */ = {isa = PBXFileReference; fileEncoding = 4; lastKnownFileType = sourcecode.c.objc; path = Message.m; sourceTree = "<group>"; };
		EA4E4A9617B0893F00617FBB /* UserInfo.h */ = {isa = PBXFileReference; fileEncoding = 4; lastKnownFileType = sourcecode.c.h; path = UserInfo.h; sourceTree = "<group>"; };
		EA4E4A9717B0893F00617FBB /* UserInfo.m */ = {isa = PBXFileReference; fileEncoding = 4; lastKnownFileType = sourcecode.c.objc; path = UserInfo.m; sourceTree = "<group>"; };
		EA4E4A9917B0A5C000617FBB /* LoginAuth.h */ = {isa = PBXFileReference; fileEncoding = 4; lastKnownFileType = sourcecode.c.h; path = LoginAuth.h; sourceTree = "<group>"; };
		EA4E4A9A17B0A5C000617FBB /* LoginAuth.m */ = {isa = PBXFileReference; fileEncoding = 4; lastKnownFileType = sourcecode.c.objc; path = LoginAuth.m; sourceTree = "<group>"; };
		EA54B2F517B4839100C034E0 /* ja */ = {isa = PBXFileReference; lastKnownFileType = file.storyboard; name = ja; path = ja.lproj/MainStoryboard_iPhone.storyboard; sourceTree = "<group>"; };
		EA54B2F617B483AD00C034E0 /* ja */ = {isa = PBXFileReference; lastKnownFileType = file.storyboard; name = ja; path = ja.lproj/MainStoryboard_iPad.storyboard; sourceTree = "<group>"; };
		EA5FD54217B34EB5003AEA4B /* pd_rabbit_found.png */ = {isa = PBXFileReference; lastKnownFileType = image.png; path = pd_rabbit_found.png; sourceTree = "<group>"; };
		EA5FD54517B34ED8003AEA4B /* icon-72.png */ = {isa = PBXFileReference; lastKnownFileType = image.png; path = "icon-72.png"; sourceTree = "<group>"; };
		EA5FD54617B34ED8003AEA4B /* icon-72@2x.png */ = {isa = PBXFileReference; lastKnownFileType = image.png; path = "icon-72@2x.png"; sourceTree = "<group>"; };
		EA5FD54717B34ED8003AEA4B /* icon-Small-50.png */ = {isa = PBXFileReference; lastKnownFileType = image.png; path = "icon-Small-50.png"; sourceTree = "<group>"; };
		EA5FD54817B34ED8003AEA4B /* icon-Small-50@2x.png */ = {isa = PBXFileReference; lastKnownFileType = image.png; path = "icon-Small-50@2x.png"; sourceTree = "<group>"; };
		EA5FD54917B34ED8003AEA4B /* icon-Small.png */ = {isa = PBXFileReference; lastKnownFileType = image.png; path = "icon-Small.png"; sourceTree = "<group>"; };
		EA5FD54A17B34ED8003AEA4B /* icon-Small@2x.png */ = {isa = PBXFileReference; lastKnownFileType = image.png; path = "icon-Small@2x.png"; sourceTree = "<group>"; };
		EA5FD54B17B34ED8003AEA4B /* icon.png */ = {isa = PBXFileReference; lastKnownFileType = image.png; path = icon.png; sourceTree = "<group>"; };
		EA5FD54C17B34ED8003AEA4B /* icon@2x.png */ = {isa = PBXFileReference; lastKnownFileType = image.png; path = "icon@2x.png"; sourceTree = "<group>"; };
		EA5FD55517B355E5003AEA4B /* UserPoint.h */ = {isa = PBXFileReference; fileEncoding = 4; lastKnownFileType = sourcecode.c.h; path = UserPoint.h; sourceTree = "<group>"; };
		EA5FD55617B355E6003AEA4B /* UserPoint.m */ = {isa = PBXFileReference; fileEncoding = 4; lastKnownFileType = sourcecode.c.objc; path = UserPoint.m; sourceTree = "<group>"; };
		EA5FD55817B365C1003AEA4B /* Accounts.framework */ = {isa = PBXFileReference; lastKnownFileType = wrapper.framework; name = Accounts.framework; path = System/Library/Frameworks/Accounts.framework; sourceTree = SDKROOT; };
		EA5FD55A17B365F3003AEA4B /* Twitter.framework */ = {isa = PBXFileReference; lastKnownFileType = wrapper.framework; name = Twitter.framework; path = System/Library/Frameworks/Twitter.framework; sourceTree = SDKROOT; };
		EA5FD55F17B387CD003AEA4B /* AlertViewWithBlock.h */ = {isa = PBXFileReference; fileEncoding = 4; lastKnownFileType = sourcecode.c.h; path = AlertViewWithBlock.h; sourceTree = "<group>"; };
		EA5FD56017B387D0003AEA4B /* AlertViewWithBlock.m */ = {isa = PBXFileReference; fileEncoding = 4; lastKnownFileType = sourcecode.c.objc; path = AlertViewWithBlock.m; sourceTree = "<group>"; };
		EA9029C217B1D0A0000C9ABA /* TargetPoint.h */ = {isa = PBXFileReference; fileEncoding = 4; lastKnownFileType = sourcecode.c.h; path = TargetPoint.h; sourceTree = "<group>"; };
		EA9029C317B1D0A0000C9ABA /* TargetPoint.m */ = {isa = PBXFileReference; fileEncoding = 4; lastKnownFileType = sourcecode.c.objc; path = TargetPoint.m; sourceTree = "<group>"; };
		EA9029C917B20A12000C9ABA /* PointDetail.h */ = {isa = PBXFileReference; fileEncoding = 4; lastKnownFileType = sourcecode.c.h; path = PointDetail.h; sourceTree = "<group>"; };
		EA9029CA17B20A12000C9ABA /* PointDetail.m */ = {isa = PBXFileReference; fileEncoding = 4; lastKnownFileType = sourcecode.c.objc; path = PointDetail.m; sourceTree = "<group>"; };
		EA9D683517E067F100C17431 /* GHUnitIOS.framework */ = {isa = PBXFileReference; lastKnownFileType = wrapper.framework; path = GHUnitIOS.framework; sourceTree = "<group>"; };
		EAC66DAC17D6E37A00DAB7C8 /* MapKit.framework */ = {isa = PBXFileReference; lastKnownFileType = wrapper.framework; name = MapKit.framework; path = System/Library/Frameworks/MapKit.framework; sourceTree = SDKROOT; };
		EAFC061917ABA3EA007F4122 /* pointdetector.app */ = {isa = PBXFileReference; explicitFileType = wrapper.application; includeInIndex = 0; path = pointdetector.app; sourceTree = BUILT_PRODUCTS_DIR; };
		EAFC061D17ABA3EA007F4122 /* UIKit.framework */ = {isa = PBXFileReference; lastKnownFileType = wrapper.framework; name = UIKit.framework; path = System/Library/Frameworks/UIKit.framework; sourceTree = SDKROOT; };
		EAFC061F17ABA3EA007F4122 /* Foundation.framework */ = {isa = PBXFileReference; lastKnownFileType = wrapper.framework; name = Foundation.framework; path = System/Library/Frameworks/Foundation.framework; sourceTree = SDKROOT; };
		EAFC062117ABA3EA007F4122 /* CoreGraphics.framework */ = {isa = PBXFileReference; lastKnownFileType = wrapper.framework; name = CoreGraphics.framework; path = System/Library/Frameworks/CoreGraphics.framework; sourceTree = SDKROOT; };
		EAFC062517ABA3EA007F4122 /* pointdetector-Info.plist */ = {isa = PBXFileReference; lastKnownFileType = text.plist.xml; path = "pointdetector-Info.plist"; sourceTree = "<group>"; };
		EAFC062717ABA3EA007F4122 /* en */ = {isa = PBXFileReference; lastKnownFileType = text.plist.strings; name = en; path = en.lproj/InfoPlist.strings; sourceTree = "<group>"; };
		EAFC062917ABA3EA007F4122 /* main.m */ = {isa = PBXFileReference; lastKnownFileType = sourcecode.c.objc; path = main.m; sourceTree = "<group>"; };
		EAFC062B17ABA3EA007F4122 /* pointdetector-Prefix.pch */ = {isa = PBXFileReference; lastKnownFileType = sourcecode.c.h; path = "pointdetector-Prefix.pch"; sourceTree = "<group>"; };
		EAFC062C17ABA3EA007F4122 /* AppDelegate.h */ = {isa = PBXFileReference; lastKnownFileType = sourcecode.c.h; path = AppDelegate.h; sourceTree = "<group>"; };
		EAFC062D17ABA3EA007F4122 /* AppDelegate.m */ = {isa = PBXFileReference; lastKnownFileType = sourcecode.c.objc; path = AppDelegate.m; sourceTree = "<group>"; };
		EAFC063017ABA3EA007F4122 /* en */ = {isa = PBXFileReference; lastKnownFileType = file.storyboard; name = en; path = en.lproj/MainStoryboard_iPhone.storyboard; sourceTree = "<group>"; };
		EAFC063317ABA3EA007F4122 /* en */ = {isa = PBXFileReference; lastKnownFileType = file.storyboard; name = en; path = en.lproj/MainStoryboard_iPad.storyboard; sourceTree = "<group>"; };
		EAFC063517ABA3EA007F4122 /* FirstViewController.h */ = {isa = PBXFileReference; lastKnownFileType = sourcecode.c.h; path = FirstViewController.h; sourceTree = "<group>"; };
		EAFC063617ABA3EA007F4122 /* FirstViewController.m */ = {isa = PBXFileReference; lastKnownFileType = sourcecode.c.objc; path = FirstViewController.m; sourceTree = "<group>"; };
		EAFC063817ABA3EA007F4122 /* first.png */ = {isa = PBXFileReference; lastKnownFileType = image.png; path = first.png; sourceTree = "<group>"; };
		EAFC063A17ABA3EA007F4122 /* first@2x.png */ = {isa = PBXFileReference; lastKnownFileType = image.png; path = "first@2x.png"; sourceTree = "<group>"; };
		EAFC063C17ABA3EA007F4122 /* SecondViewController.h */ = {isa = PBXFileReference; lastKnownFileType = sourcecode.c.h; path = SecondViewController.h; sourceTree = "<group>"; };
		EAFC063D17ABA3EA007F4122 /* SecondViewController.m */ = {isa = PBXFileReference; lastKnownFileType = sourcecode.c.objc; path = SecondViewController.m; sourceTree = "<group>"; };
		EAFC063F17ABA3EA007F4122 /* second.png */ = {isa = PBXFileReference; lastKnownFileType = image.png; path = second.png; sourceTree = "<group>"; };
		EAFC064117ABA3EA007F4122 /* second@2x.png */ = {isa = PBXFileReference; lastKnownFileType = image.png; path = "second@2x.png"; sourceTree = "<group>"; };
		EAFC064817ABA3EA007F4122 /* pointdetectorTests.octest */ = {isa = PBXFileReference; explicitFileType = wrapper.cfbundle; includeInIndex = 0; path = pointdetectorTests.octest; sourceTree = BUILT_PRODUCTS_DIR; };
		EAFC064917ABA3EA007F4122 /* SenTestingKit.framework */ = {isa = PBXFileReference; lastKnownFileType = wrapper.framework; name = SenTestingKit.framework; path = Library/Frameworks/SenTestingKit.framework; sourceTree = DEVELOPER_DIR; };
		EAFD8C8517CF06FC0015048F /* Default-568h@2x.png */ = {isa = PBXFileReference; lastKnownFileType = image.png; path = "Default-568h@2x.png"; sourceTree = "<group>"; };
/* End PBXFileReference section */

/* Begin PBXFrameworksBuildPhase section */
		EA1C263217E2B12A00CEEB71 /* Frameworks */ = {
			isa = PBXFrameworksBuildPhase;
			buildActionMask = 2147483647;
			files = (
				EA1C266317E2D9FB00CEEB71 /* QuartzCore.framework in Frameworks */,
				EA1C263717E2B12A00CEEB71 /* CoreGraphics.framework in Frameworks */,
				EA1C263817E2B12A00CEEB71 /* UIKit.framework in Frameworks */,
				EA1C263617E2B12A00CEEB71 /* Foundation.framework in Frameworks */,
				3D245973C4C74DDF880A62C8 /* libPods-pdTest.a in Frameworks */,
			);
			runOnlyForDeploymentPostprocessing = 0;
		};
		EA1C264817E2B12B00CEEB71 /* Frameworks */ = {
			isa = PBXFrameworksBuildPhase;
			buildActionMask = 2147483647;
			files = (
				EA1C264D17E2B12B00CEEB71 /* XCTest.framework in Frameworks */,
				EA1C264F17E2B12B00CEEB71 /* UIKit.framework in Frameworks */,
				EA1C264E17E2B12B00CEEB71 /* Foundation.framework in Frameworks */,
			);
			runOnlyForDeploymentPostprocessing = 0;
		};
		EAFC061617ABA3EA007F4122 /* Frameworks */ = {
			isa = PBXFrameworksBuildPhase;
			buildActionMask = 2147483647;
			files = (
				EAC66DAD17D6E37A00DAB7C8 /* MapKit.framework in Frameworks */,
				EA5FD55B17B365F3003AEA4B /* Twitter.framework in Frameworks */,
				EA5FD55917B365C2003AEA4B /* Accounts.framework in Frameworks */,
				EA3F246117AF4951005232D8 /* QuartzCore.framework in Frameworks */,
				EA3F245F17AF3169005232D8 /* AVFoundation.framework in Frameworks */,
				EA3F245D17AF315B005232D8 /* CoreLocation.framework in Frameworks */,
				EAFC061E17ABA3EA007F4122 /* UIKit.framework in Frameworks */,
				EAFC062017ABA3EA007F4122 /* Foundation.framework in Frameworks */,
			);
			runOnlyForDeploymentPostprocessing = 0;
		};
		EAFC064417ABA3EA007F4122 /* Frameworks */ = {
			isa = PBXFrameworksBuildPhase;
			buildActionMask = 2147483647;
			files = (
				EA70502817E153A40040A12D /* CoreGraphics.framework in Frameworks */,
				EA70502717E153600040A12D /* QuartzCore.framework in Frameworks */,
				EAFC064A17ABA3EA007F4122 /* SenTestingKit.framework in Frameworks */,
				EAFC064B17ABA3EA007F4122 /* UIKit.framework in Frameworks */,
				EAFC064C17ABA3EA007F4122 /* Foundation.framework in Frameworks */,
			);
			runOnlyForDeploymentPostprocessing = 0;
		};
/* End PBXFrameworksBuildPhase section */

/* Begin PBXGroup section */
		EA1C263917E2B12A00CEEB71 /* pdTest */ = {
			isa = PBXGroup;
			children = (
				EA1C266017E2B1DA00CEEB71 /* testCase.h */,
				EA1C266117E2B1DA00CEEB71 /* testCase.m */,
				EA1C264517E2B12A00CEEB71 /* Images.xcassets */,
				EA1C263A17E2B12A00CEEB71 /* Supporting Files */,
			);
			path = pdTest;
			sourceTree = "<group>";
		};
		EA1C263A17E2B12A00CEEB71 /* Supporting Files */ = {
			isa = PBXGroup;
			children = (
				EA1C263B17E2B12A00CEEB71 /* pdTest-Info.plist */,
				EA1C263F17E2B12A00CEEB71 /* main.m */,
			);
			name = "Supporting Files";
			sourceTree = "<group>";
		};
		EAFC060E17ABA3E9007F4122 = {
			isa = PBXGroup;
			children = (
				EAFD8C8517CF06FC0015048F /* Default-568h@2x.png */,
				EAFC062317ABA3EA007F4122 /* pointdetector */,
				EA1C263917E2B12A00CEEB71 /* pdTest */,
				EAFC061C17ABA3EA007F4122 /* Frameworks */,
				EAFC061A17ABA3EA007F4122 /* Products */,
				89A9EC835B4A4094B11144A0 /* Pods-pdTest.xcconfig */,
			);
			sourceTree = "<group>";
		};
		EAFC061A17ABA3EA007F4122 /* Products */ = {
			isa = PBXGroup;
			children = (
				EAFC061917ABA3EA007F4122 /* pointdetector.app */,
				EAFC064817ABA3EA007F4122 /* pointdetectorTests.octest */,
				EA1C263517E2B12A00CEEB71 /* pdTest.app */,
				EA1C264B17E2B12B00CEEB71 /* pdTestTests.xctest */,
			);
			name = Products;
			sourceTree = "<group>";
		};
		EAFC061C17ABA3EA007F4122 /* Frameworks */ = {
			isa = PBXGroup;
			children = (
				EA9D683517E067F100C17431 /* GHUnitIOS.framework */,
				EAC66DAC17D6E37A00DAB7C8 /* MapKit.framework */,
				EA5FD55A17B365F3003AEA4B /* Twitter.framework */,
				EA5FD55817B365C1003AEA4B /* Accounts.framework */,
				EA3F246017AF4951005232D8 /* QuartzCore.framework */,
				EA3F245E17AF3169005232D8 /* AVFoundation.framework */,
				EA3F245C17AF315B005232D8 /* CoreLocation.framework */,
				EAFC061D17ABA3EA007F4122 /* UIKit.framework */,
				EAFC061F17ABA3EA007F4122 /* Foundation.framework */,
				EAFC062117ABA3EA007F4122 /* CoreGraphics.framework */,
				EAFC064917ABA3EA007F4122 /* SenTestingKit.framework */,
				EA1C264C17E2B12B00CEEB71 /* XCTest.framework */,
				7F6617C4F17B4EB28E5E8190 /* libPods-pdTest.a */,
			);
			name = Frameworks;
			sourceTree = "<group>";
		};
		EAFC062317ABA3EA007F4122 /* pointdetector */ = {
			isa = PBXGroup;
			children = (
				EAFC062C17ABA3EA007F4122 /* AppDelegate.h */,
				EAFC062D17ABA3EA007F4122 /* AppDelegate.m */,
				EA3F245817AF2CD4005232D8 /* Coords.h */,
				EA3F245A17AF2D00005232D8 /* Coords.m */,
				EAFC062F17ABA3EA007F4122 /* MainStoryboard_iPhone.storyboard */,
				EAFC063217ABA3EA007F4122 /* MainStoryboard_iPad.storyboard */,
				EAFC063517ABA3EA007F4122 /* FirstViewController.h */,
				EAFC063617ABA3EA007F4122 /* FirstViewController.m */,
				EAFC063817ABA3EA007F4122 /* first.png */,
				EAFC063A17ABA3EA007F4122 /* first@2x.png */,
				EAFC063C17ABA3EA007F4122 /* SecondViewController.h */,
				EAFC063D17ABA3EA007F4122 /* SecondViewController.m */,
				EAFC063F17ABA3EA007F4122 /* second.png */,
				EAFC064117ABA3EA007F4122 /* second@2x.png */,
				EA4E4A9917B0A5C000617FBB /* LoginAuth.h */,
				EA4E4A9A17B0A5C000617FBB /* LoginAuth.m */,
				EA4E4A9317B0805800617FBB /* Message.h */,
				EA4E4A9417B0807B00617FBB /* Message.m */,
				EA5FD55F17B387CD003AEA4B /* AlertViewWithBlock.h */,
				EA5FD56017B387D0003AEA4B /* AlertViewWithBlock.m */,
				EA9029C217B1D0A0000C9ABA /* TargetPoint.h */,
				EA9029C317B1D0A0000C9ABA /* TargetPoint.m */,
				EA9029C917B20A12000C9ABA /* PointDetail.h */,
				EA9029CA17B20A12000C9ABA /* PointDetail.m */,
				EA4E4A9617B0893F00617FBB /* UserInfo.h */,
				EA4E4A9717B0893F00617FBB /* UserInfo.m */,
				EA5FD55517B355E5003AEA4B /* UserPoint.h */,
				EA5FD55617B355E6003AEA4B /* UserPoint.m */,
				EAFC062417ABA3EA007F4122 /* Supporting Files */,
			);
			path = pointdetector;
			sourceTree = "<group>";
		};
		EAFC062417ABA3EA007F4122 /* Supporting Files */ = {
			isa = PBXGroup;
			children = (
				EA5FD54517B34ED8003AEA4B /* icon-72.png */,
				EA5FD54617B34ED8003AEA4B /* icon-72@2x.png */,
				EA5FD54717B34ED8003AEA4B /* icon-Small-50.png */,
				EA5FD54817B34ED8003AEA4B /* icon-Small-50@2x.png */,
				EA5FD54917B34ED8003AEA4B /* icon-Small.png */,
				EA5FD54A17B34ED8003AEA4B /* icon-Small@2x.png */,
				EA5FD54B17B34ED8003AEA4B /* icon.png */,
				EA5FD54C17B34ED8003AEA4B /* icon@2x.png */,
				EA5FD54217B34EB5003AEA4B /* pd_rabbit_found.png */,
				EAFC062517ABA3EA007F4122 /* pointdetector-Info.plist */,
				EAFC062617ABA3EA007F4122 /* InfoPlist.strings */,
				EAFC062917ABA3EA007F4122 /* main.m */,
				EAFC062B17ABA3EA007F4122 /* pointdetector-Prefix.pch */,
			);
			name = "Supporting Files";
			sourceTree = "<group>";
		};
/* End PBXGroup section */

/* Begin PBXNativeTarget section */
		EA1C263417E2B12A00CEEB71 /* pdTest */ = {
			isa = PBXNativeTarget;
			buildConfigurationList = EA1C265E17E2B12B00CEEB71 /* Build configuration list for PBXNativeTarget "pdTest" */;
			buildPhases = (
				9BA63D6E541441AE9DD21E09 /* Check Pods Manifest.lock */,
				EA1C263117E2B12A00CEEB71 /* Sources */,
				EA1C263217E2B12A00CEEB71 /* Frameworks */,
				EA1C263317E2B12A00CEEB71 /* Resources */,
				814F7E8E32874ECE9C898F82 /* Copy Pods Resources */,
			);
			buildRules = (
			);
			dependencies = (
			);
			name = pdTest;
			productName = pdTest;
			productReference = EA1C263517E2B12A00CEEB71 /* pdTest.app */;
			productType = "com.apple.product-type.application";
		};
		EA1C264A17E2B12B00CEEB71 /* pdTestTests */ = {
			isa = PBXNativeTarget;
			buildConfigurationList = EA1C265F17E2B12B00CEEB71 /* Build configuration list for PBXNativeTarget "pdTestTests" */;
			buildPhases = (
				EA1C264717E2B12B00CEEB71 /* Sources */,
				EA1C264817E2B12B00CEEB71 /* Frameworks */,
				EA1C264917E2B12B00CEEB71 /* Resources */,
			);
			buildRules = (
			);
			dependencies = (
				EA1C265117E2B12B00CEEB71 /* PBXTargetDependency */,
			);
			name = pdTestTests;
			productName = pdTestTests;
			productReference = EA1C264B17E2B12B00CEEB71 /* pdTestTests.xctest */;
			productType = "com.apple.product-type.bundle.unit-test";
		};
		EAFC061817ABA3EA007F4122 /* pointdetector */ = {
			isa = PBXNativeTarget;
			buildConfigurationList = EAFC065A17ABA3EA007F4122 /* Build configuration list for PBXNativeTarget "pointdetector" */;
			buildPhases = (
				EAFC061517ABA3EA007F4122 /* Sources */,
				EAFC061617ABA3EA007F4122 /* Frameworks */,
				EAFC061717ABA3EA007F4122 /* Resources */,
			);
			buildRules = (
			);
			dependencies = (
			);
			name = pointdetector;
			productName = pointdetector;
			productReference = EAFC061917ABA3EA007F4122 /* pointdetector.app */;
			productType = "com.apple.product-type.application";
		};
		EAFC064717ABA3EA007F4122 /* pointdetectorTests */ = {
			isa = PBXNativeTarget;
			buildConfigurationList = EAFC065D17ABA3EA007F4122 /* Build configuration list for PBXNativeTarget "pointdetectorTests" */;
			buildPhases = (
				77D76F8F20E54A7AB74E6D2E /* Check Pods Manifest.lock */,
				EAFC064317ABA3EA007F4122 /* Sources */,
				EAFC064417ABA3EA007F4122 /* Frameworks */,
				EAFC064517ABA3EA007F4122 /* Resources */,
				EAFC064617ABA3EA007F4122 /* ShellScript */,
				B0A573D044834B90840379B3 /* Copy Pods Resources */,
			);
			buildRules = (
			);
			dependencies = (
				EAFC064E17ABA3EA007F4122 /* PBXTargetDependency */,
			);
			name = pointdetectorTests;
			productName = pointdetectorTests;
			productReference = EAFC064817ABA3EA007F4122 /* pointdetectorTests.octest */;
			productType = "com.apple.product-type.bundle";
		};
/* End PBXNativeTarget section */

/* Begin PBXProject section */
		EAFC061017ABA3E9007F4122 /* Project object */ = {
			isa = PBXProject;
			attributes = {
				LastUpgradeCheck = 0500;
				TargetAttributes = {
					EA1C264A17E2B12B00CEEB71 = {
						TestTargetID = EAFC061817ABA3EA007F4122;
					};
					EAFC064717ABA3EA007F4122 = {
						TestTargetID = EAFC061817ABA3EA007F4122;
					};
				};
			};
			buildConfigurationList = EAFC061317ABA3E9007F4122 /* Build configuration list for PBXProject "pointdetector" */;
			compatibilityVersion = "Xcode 3.2";
			developmentRegion = English;
			hasScannedForEncodings = 0;
			knownRegions = (
				en,
				ja,
			);
			mainGroup = EAFC060E17ABA3E9007F4122;
			productRefGroup = EAFC061A17ABA3EA007F4122 /* Products */;
			projectDirPath = "";
			projectRoot = "";
			targets = (
				EAFC061817ABA3EA007F4122 /* pointdetector */,
				EAFC064717ABA3EA007F4122 /* pointdetectorTests */,
				EA1C263417E2B12A00CEEB71 /* pdTest */,
				EA1C264A17E2B12B00CEEB71 /* pdTestTests */,
			);
		};
/* End PBXProject section */

/* Begin PBXResourcesBuildPhase section */
		EA1C263317E2B12A00CEEB71 /* Resources */ = {
			isa = PBXResourcesBuildPhase;
			buildActionMask = 2147483647;
			files = (
				EA1C264617E2B12A00CEEB71 /* Images.xcassets in Resources */,
			);
			runOnlyForDeploymentPostprocessing = 0;
		};
		EA1C264917E2B12B00CEEB71 /* Resources */ = {
			isa = PBXResourcesBuildPhase;
			buildActionMask = 2147483647;
			files = (
			);
			runOnlyForDeploymentPostprocessing = 0;
		};
		EAFC061717ABA3EA007F4122 /* Resources */ = {
			isa = PBXResourcesBuildPhase;
			buildActionMask = 2147483647;
			files = (
				EAFC062817ABA3EA007F4122 /* InfoPlist.strings in Resources */,
				EAFC063117ABA3EA007F4122 /* MainStoryboard_iPhone.storyboard in Resources */,
				EAFC063417ABA3EA007F4122 /* MainStoryboard_iPad.storyboard in Resources */,
				EAFC063917ABA3EA007F4122 /* first.png in Resources */,
				EAFC063B17ABA3EA007F4122 /* first@2x.png in Resources */,
				EAFC064017ABA3EA007F4122 /* second.png in Resources */,
				EAFC064217ABA3EA007F4122 /* second@2x.png in Resources */,
				EA5FD54317B34EB5003AEA4B /* pd_rabbit_found.png in Resources */,
				EAFD8C8617CF06FC0015048F /* Default-568h@2x.png in Resources */,
				EA5FD54D17B34ED8003AEA4B /* icon-72.png in Resources */,
				EA5FD54E17B34ED8003AEA4B /* icon-72@2x.png in Resources */,
				EA5FD54F17B34ED8003AEA4B /* icon-Small-50.png in Resources */,
				EA5FD55017B34ED8003AEA4B /* icon-Small-50@2x.png in Resources */,
				EA5FD55117B34ED8003AEA4B /* icon-Small.png in Resources */,
				EA5FD55217B34ED8003AEA4B /* icon-Small@2x.png in Resources */,
				EA5FD55317B34ED8003AEA4B /* icon.png in Resources */,
				EA5FD55417B34ED8003AEA4B /* icon@2x.png in Resources */,
			);
			runOnlyForDeploymentPostprocessing = 0;
		};
		EAFC064517ABA3EA007F4122 /* Resources */ = {
			isa = PBXResourcesBuildPhase;
			buildActionMask = 2147483647;
			files = (
			);
			runOnlyForDeploymentPostprocessing = 0;
		};
/* End PBXResourcesBuildPhase section */

/* Begin PBXShellScriptBuildPhase section */
		77D76F8F20E54A7AB74E6D2E /* Check Pods Manifest.lock */ = {
			isa = PBXShellScriptBuildPhase;
			buildActionMask = 2147483647;
			files = (
			);
			inputPaths = (
			);
			name = "Check Pods Manifest.lock";
			outputPaths = (
			);
			runOnlyForDeploymentPostprocessing = 0;
			shellPath = /bin/sh;
			shellScript = "diff \"${PODS_ROOT}/../Podfile.lock\" \"${PODS_ROOT}/Manifest.lock\" > /dev/null\nif [[ $? != 0 ]] ; then\n    cat << EOM\nerror: The sandbox is not in sync with the Podfile.lock. Run 'pod install' or update your CocoaPods installation.\nEOM\n    exit 1\nfi\n";
			showEnvVarsInLog = 0;
		};
		814F7E8E32874ECE9C898F82 /* Copy Pods Resources */ = {
			isa = PBXShellScriptBuildPhase;
			buildActionMask = 2147483647;
			files = (
			);
			inputPaths = (
			);
			name = "Copy Pods Resources";
			outputPaths = (
			);
			runOnlyForDeploymentPostprocessing = 0;
			shellPath = /bin/sh;
			shellScript = "\"${SRCROOT}/Pods/Pods-pdTest-resources.sh\"\n";
			showEnvVarsInLog = 0;
		};
		9BA63D6E541441AE9DD21E09 /* Check Pods Manifest.lock */ = {
			isa = PBXShellScriptBuildPhase;
			buildActionMask = 2147483647;
			files = (
			);
			inputPaths = (
			);
			name = "Check Pods Manifest.lock";
			outputPaths = (
			);
			runOnlyForDeploymentPostprocessing = 0;
			shellPath = /bin/sh;
			shellScript = "diff \"${PODS_ROOT}/../Podfile.lock\" \"${PODS_ROOT}/Manifest.lock\" > /dev/null\nif [[ $? != 0 ]] ; then\n    cat << EOM\nerror: The sandbox is not in sync with the Podfile.lock. Run 'pod install' or update your CocoaPods installation.\nEOM\n    exit 1\nfi\n";
			showEnvVarsInLog = 0;
		};
		B0A573D044834B90840379B3 /* Copy Pods Resources */ = {
			isa = PBXShellScriptBuildPhase;
			buildActionMask = 2147483647;
			files = (
			);
			inputPaths = (
			);
			name = "Copy Pods Resources";
			outputPaths = (
			);
			runOnlyForDeploymentPostprocessing = 0;
			shellPath = /bin/sh;
			shellScript = "\"${SRCROOT}/Pods/Pods-pointdetectorTests-resources.sh\"\n";
			showEnvVarsInLog = 0;
		};
		EAFC064617ABA3EA007F4122 /* ShellScript */ = {
			isa = PBXShellScriptBuildPhase;
			buildActionMask = 2147483647;
			files = (
			);
			inputPaths = (
			);
			outputPaths = (
			);
			runOnlyForDeploymentPostprocessing = 0;
			shellPath = /bin/sh;
			shellScript = "# Run the unit tests in this test bundle.\n#\"${SYSTEM_DEVELOPER_DIR}/Tools/RunUnitTests\"\nsh RunTests.sh";
		};
/* End PBXShellScriptBuildPhase section */

/* Begin PBXSourcesBuildPhase section */
		EA1C263117E2B12A00CEEB71 /* Sources */ = {
			isa = PBXSourcesBuildPhase;
			buildActionMask = 2147483647;
			files = (
				EA1C264017E2B12A00CEEB71 /* main.m in Sources */,
				EA1C266217E2B1DA00CEEB71 /* testCase.m in Sources */,
			);
			runOnlyForDeploymentPostprocessing = 0;
		};
		EA1C264717E2B12B00CEEB71 /* Sources */ = {
			isa = PBXSourcesBuildPhase;
			buildActionMask = 2147483647;
			files = (
			);
			runOnlyForDeploymentPostprocessing = 0;
		};
		EAFC061517ABA3EA007F4122 /* Sources */ = {
			isa = PBXSourcesBuildPhase;
			buildActionMask = 2147483647;
			files = (
				EAFC062A17ABA3EA007F4122 /* main.m in Sources */,
				EAFC062E17ABA3EA007F4122 /* AppDelegate.m in Sources */,
				EAFC063717ABA3EA007F4122 /* FirstViewController.m in Sources */,
				EAFC063E17ABA3EA007F4122 /* SecondViewController.m in Sources */,
				EA3F245B17AF2D00005232D8 /* Coords.m in Sources */,
				EA4E4A9517B0807B00617FBB /* Message.m in Sources */,
				EA4E4A9817B0893F00617FBB /* UserInfo.m in Sources */,
				EA4E4A9B17B0A5C000617FBB /* LoginAuth.m in Sources */,
				EA9029C417B1D0A0000C9ABA /* TargetPoint.m in Sources */,
				EA9029CB17B20A12000C9ABA /* PointDetail.m in Sources */,
				EA5FD55717B355E6003AEA4B /* UserPoint.m in Sources */,
				EA5FD56117B387D2003AEA4B /* AlertViewWithBlock.m in Sources */,
			);
			runOnlyForDeploymentPostprocessing = 0;
		};
		EAFC064317ABA3EA007F4122 /* Sources */ = {
			isa = PBXSourcesBuildPhase;
			buildActionMask = 2147483647;
			files = (
			);
			runOnlyForDeploymentPostprocessing = 0;
		};
/* End PBXSourcesBuildPhase section */

/* Begin PBXTargetDependency section */
		EA1C265117E2B12B00CEEB71 /* PBXTargetDependency */ = {
			isa = PBXTargetDependency;
			target = EA1C263417E2B12A00CEEB71 /* pdTest */;
			targetProxy = EA1C265017E2B12B00CEEB71 /* PBXContainerItemProxy */;
		};
		EAFC064E17ABA3EA007F4122 /* PBXTargetDependency */ = {
			isa = PBXTargetDependency;
			target = EAFC061817ABA3EA007F4122 /* pointdetector */;
			targetProxy = EAFC064D17ABA3EA007F4122 /* PBXContainerItemProxy */;
		};
/* End PBXTargetDependency section */

/* Begin PBXVariantGroup section */
		EAFC062617ABA3EA007F4122 /* InfoPlist.strings */ = {
			isa = PBXVariantGroup;
			children = (
				EAFC062717ABA3EA007F4122 /* en */,
			);
			name = InfoPlist.strings;
			sourceTree = "<group>";
		};
		EAFC062F17ABA3EA007F4122 /* MainStoryboard_iPhone.storyboard */ = {
			isa = PBXVariantGroup;
			children = (
				EAFC063017ABA3EA007F4122 /* en */,
				EA54B2F517B4839100C034E0 /* ja */,
			);
			name = MainStoryboard_iPhone.storyboard;
			sourceTree = "<group>";
		};
		EAFC063217ABA3EA007F4122 /* MainStoryboard_iPad.storyboard */ = {
			isa = PBXVariantGroup;
			children = (
				EAFC063317ABA3EA007F4122 /* en */,
				EA54B2F617B483AD00C034E0 /* ja */,
			);
			name = MainStoryboard_iPad.storyboard;
			sourceTree = "<group>";
		};
/* End PBXVariantGroup section */

/* Begin XCBuildConfiguration section */
		EA1C265A17E2B12B00CEEB71 /* Debug */ = {
			isa = XCBuildConfiguration;
			baseConfigurationReference = 89A9EC835B4A4094B11144A0 /* Pods-pdTest.xcconfig */;
			buildSettings = {
				ARCHS = "$(ARCHS_STANDARD)";
				ASSETCATALOG_COMPILER_APPICON_NAME = AppIcon;
				ASSETCATALOG_COMPILER_LAUNCHIMAGE_NAME = LaunchImage;
				CLANG_CXX_LANGUAGE_STANDARD = "gnu++0x";
				CLANG_CXX_LIBRARY = "libc++";
				CLANG_ENABLE_MODULES = YES;
				CLANG_WARN_DIRECT_OBJC_ISA_USAGE = YES_ERROR;
				CLANG_WARN_OBJC_ROOT_CLASS = YES_ERROR;
				GCC_PRECOMPILE_PREFIX_HEADER = NO;
				GCC_PREFIX_HEADER = "";
				GCC_PREPROCESSOR_DEFINITIONS = (
					"DEBUG=1",
					"$(inherited)",
				);
				GCC_WARN_64_TO_32_BIT_CONVERSION = YES;
				GCC_WARN_ABOUT_RETURN_TYPE = YES_ERROR;
				INFOPLIST_FILE = "pdTest/pdTest-Info.plist";
				IPHONEOS_DEPLOYMENT_TARGET = 5.1;
				PRODUCT_NAME = "$(TARGET_NAME)";
				VALID_ARCHS = "arm64 armv7 armv7s i386";
				WRAPPER_EXTENSION = app;
			};
			name = Debug;
		};
		EA1C265B17E2B12B00CEEB71 /* Release */ = {
			isa = XCBuildConfiguration;
			baseConfigurationReference = 89A9EC835B4A4094B11144A0 /* Pods-pdTest.xcconfig */;
			buildSettings = {
				ARCHS = "$(ARCHS_STANDARD)";
				ASSETCATALOG_COMPILER_APPICON_NAME = AppIcon;
				ASSETCATALOG_COMPILER_LAUNCHIMAGE_NAME = LaunchImage;
				CLANG_CXX_LANGUAGE_STANDARD = "gnu++0x";
				CLANG_CXX_LIBRARY = "libc++";
				CLANG_ENABLE_MODULES = YES;
				CLANG_WARN_DIRECT_OBJC_ISA_USAGE = YES_ERROR;
				CLANG_WARN_OBJC_ROOT_CLASS = YES_ERROR;
				ENABLE_NS_ASSERTIONS = NO;
				GCC_PRECOMPILE_PREFIX_HEADER = NO;
				GCC_PREFIX_HEADER = "";
				GCC_WARN_64_TO_32_BIT_CONVERSION = YES;
				GCC_WARN_ABOUT_RETURN_TYPE = YES_ERROR;
				INFOPLIST_FILE = "pdTest/pdTest-Info.plist";
				IPHONEOS_DEPLOYMENT_TARGET = 5.1;
				PRODUCT_NAME = "$(TARGET_NAME)";
				VALID_ARCHS = "arm64 armv7 armv7s i386";
				WRAPPER_EXTENSION = app;
			};
			name = Release;
		};
		EA1C265C17E2B12B00CEEB71 /* Debug */ = {
			isa = XCBuildConfiguration;
			buildSettings = {
				ARCHS = "$(ARCHS_STANDARD_INCLUDING_64_BIT)";
				BUNDLE_LOADER = "$(BUILT_PRODUCTS_DIR)/pointdetector.app/pointdetector";
				CLANG_CXX_LANGUAGE_STANDARD = "gnu++0x";
				CLANG_CXX_LIBRARY = "libc++";
				CLANG_ENABLE_MODULES = YES;
				CLANG_WARN_DIRECT_OBJC_ISA_USAGE = YES_ERROR;
				CLANG_WARN_OBJC_ROOT_CLASS = YES_ERROR;
				FRAMEWORK_SEARCH_PATHS = (
					"$(SDKROOT)/Developer/Library/Frameworks",
					"$(inherited)",
					"$(DEVELOPER_FRAMEWORKS_DIR)",
				);
				GCC_PRECOMPILE_PREFIX_HEADER = YES;
				GCC_PREFIX_HEADER = "pdTest/pdTest-Prefix.pch";
				GCC_PREPROCESSOR_DEFINITIONS = (
					"DEBUG=1",
					"$(inherited)",
				);
				GCC_WARN_64_TO_32_BIT_CONVERSION = YES;
				GCC_WARN_ABOUT_RETURN_TYPE = YES_ERROR;
				INFOPLIST_FILE = "pdTestTests/pdTestTests-Info.plist";
				IPHONEOS_DEPLOYMENT_TARGET = 7.0;
				PRODUCT_NAME = "$(TARGET_NAME)";
				TEST_HOST = "$(BUNDLE_LOADER)";
				WRAPPER_EXTENSION = xctest;
			};
			name = Debug;
		};
		EA1C265D17E2B12B00CEEB71 /* Release */ = {
			isa = XCBuildConfiguration;
			buildSettings = {
				ARCHS = "$(ARCHS_STANDARD_INCLUDING_64_BIT)";
				BUNDLE_LOADER = "$(BUILT_PRODUCTS_DIR)/pointdetector.app/pointdetector";
				CLANG_CXX_LANGUAGE_STANDARD = "gnu++0x";
				CLANG_CXX_LIBRARY = "libc++";
				CLANG_ENABLE_MODULES = YES;
				CLANG_WARN_DIRECT_OBJC_ISA_USAGE = YES_ERROR;
				CLANG_WARN_OBJC_ROOT_CLASS = YES_ERROR;
				ENABLE_NS_ASSERTIONS = NO;
				FRAMEWORK_SEARCH_PATHS = (
					"$(SDKROOT)/Developer/Library/Frameworks",
					"$(inherited)",
					"$(DEVELOPER_FRAMEWORKS_DIR)",
				);
				GCC_PRECOMPILE_PREFIX_HEADER = YES;
				GCC_PREFIX_HEADER = "pdTest/pdTest-Prefix.pch";
				GCC_WARN_64_TO_32_BIT_CONVERSION = YES;
				GCC_WARN_ABOUT_RETURN_TYPE = YES_ERROR;
				INFOPLIST_FILE = "pdTestTests/pdTestTests-Info.plist";
				IPHONEOS_DEPLOYMENT_TARGET = 7.0;
				PRODUCT_NAME = "$(TARGET_NAME)";
				TEST_HOST = "$(BUNDLE_LOADER)";
				WRAPPER_EXTENSION = xctest;
			};
			name = Release;
		};
		EAFC065817ABA3EA007F4122 /* Debug */ = {
			isa = XCBuildConfiguration;
			buildSettings = {
				ALWAYS_SEARCH_USER_PATHS = NO;
				CLANG_ENABLE_OBJC_ARC = YES;
				CLANG_WARN_BOOL_CONVERSION = YES;
				CLANG_WARN_CONSTANT_CONVERSION = YES;
				CLANG_WARN_EMPTY_BODY = YES;
				CLANG_WARN_ENUM_CONVERSION = YES;
				CLANG_WARN_INT_CONVERSION = YES;
				CLANG_WARN__DUPLICATE_METHOD_MATCH = YES;
				"CODE_SIGN_IDENTITY[sdk=iphoneos*]" = "iPhone Developer";
				COPY_PHASE_STRIP = NO;
				GCC_C_LANGUAGE_STANDARD = gnu99;
				GCC_DYNAMIC_NO_PIC = NO;
				GCC_OPTIMIZATION_LEVEL = 0;
				GCC_PREPROCESSOR_DEFINITIONS = (
					"DEBUG=1",
					"$(inherited)",
				);
				GCC_SYMBOLS_PRIVATE_EXTERN = NO;
				GCC_VERSION = com.apple.compilers.llvm.clang.1_0;
				GCC_WARN_ABOUT_MISSING_PROTOTYPES = YES;
				GCC_WARN_ABOUT_RETURN_TYPE = YES;
				GCC_WARN_UNDECLARED_SELECTOR = YES;
				GCC_WARN_UNINITIALIZED_AUTOS = YES;
				GCC_WARN_UNUSED_FUNCTION = YES;
				GCC_WARN_UNUSED_VARIABLE = YES;
				IPHONEOS_DEPLOYMENT_TARGET = 5.1;
				ONLY_ACTIVE_ARCH = YES;
				SDKROOT = iphoneos;
				TARGETED_DEVICE_FAMILY = "1,2";
			};
			name = Debug;
		};
		EAFC065917ABA3EA007F4122 /* Release */ = {
			isa = XCBuildConfiguration;
			buildSettings = {
				ALWAYS_SEARCH_USER_PATHS = NO;
				CLANG_ENABLE_OBJC_ARC = YES;
				CLANG_WARN_BOOL_CONVERSION = YES;
				CLANG_WARN_CONSTANT_CONVERSION = YES;
				CLANG_WARN_EMPTY_BODY = YES;
				CLANG_WARN_ENUM_CONVERSION = YES;
				CLANG_WARN_INT_CONVERSION = YES;
				CLANG_WARN__DUPLICATE_METHOD_MATCH = YES;
				"CODE_SIGN_IDENTITY[sdk=iphoneos*]" = "iPhone Developer";
				COPY_PHASE_STRIP = YES;
				GCC_C_LANGUAGE_STANDARD = gnu99;
				GCC_VERSION = com.apple.compilers.llvm.clang.1_0;
				GCC_WARN_ABOUT_MISSING_PROTOTYPES = YES;
				GCC_WARN_ABOUT_RETURN_TYPE = YES;
				GCC_WARN_UNDECLARED_SELECTOR = YES;
				GCC_WARN_UNINITIALIZED_AUTOS = YES;
				GCC_WARN_UNUSED_FUNCTION = YES;
				GCC_WARN_UNUSED_VARIABLE = YES;
				IPHONEOS_DEPLOYMENT_TARGET = 5.1;
				OTHER_CFLAGS = "-DNS_BLOCK_ASSERTIONS=1";
				SDKROOT = iphoneos;
				TARGETED_DEVICE_FAMILY = "1,2";
				VALIDATE_PRODUCT = YES;
			};
			name = Release;
		};
		EAFC065B17ABA3EA007F4122 /* Debug */ = {
			isa = XCBuildConfiguration;
			buildSettings = {
				GCC_PRECOMPILE_PREFIX_HEADER = YES;
				GCC_PREFIX_HEADER = "pointdetector/pointdetector-Prefix.pch";
				INFOPLIST_FILE = "pointdetector/pointdetector-Info.plist";
				PRODUCT_NAME = "$(TARGET_NAME)";
				VALID_ARCHS = "arm64 armv7 armv7s i386";
				WRAPPER_EXTENSION = app;
			};
			name = Debug;
		};
		EAFC065C17ABA3EA007F4122 /* Release */ = {
			isa = XCBuildConfiguration;
			buildSettings = {
				GCC_PRECOMPILE_PREFIX_HEADER = YES;
				GCC_PREFIX_HEADER = "pointdetector/pointdetector-Prefix.pch";
				INFOPLIST_FILE = "pointdetector/pointdetector-Info.plist";
				PRODUCT_NAME = "$(TARGET_NAME)";
				VALID_ARCHS = "arm64 armv7 armv7s i386";
				WRAPPER_EXTENSION = app;
			};
			name = Release;
		};
		EAFC065E17ABA3EA007F4122 /* Debug */ = {
			isa = XCBuildConfiguration;
			buildSettings = {
				BUNDLE_LOADER = "$(BUILT_PRODUCTS_DIR)/pointdetector.app/pointdetector";
				FRAMEWORK_SEARCH_PATHS = (
					"$(SDKROOT)/Developer/Library/Frameworks",
					"$(DEVELOPER_LIBRARY_DIR)/Frameworks",
					"/Users/sasaki/PointDetector-iOS",
				);
				GCC_PRECOMPILE_PREFIX_HEADER = YES;
				GCC_PREFIX_HEADER = "pointdetector/pointdetector-Prefix.pch";
				INFOPLIST_FILE = "pointdetectorTests/pointdetectorTests-Info.plist";
				OTHER_LDFLAGS = "$(inherited)";
				PRODUCT_NAME = "$(TARGET_NAME)";
				TEST_HOST = "$(BUNDLE_LOADER)";
				USER_HEADER_SEARCH_PATHS = "";
				WRAPPER_EXTENSION = octest;
			};
			name = Debug;
		};
		EAFC065F17ABA3EA007F4122 /* Release */ = {
			isa = XCBuildConfiguration;
			buildSettings = {
				BUNDLE_LOADER = "$(BUILT_PRODUCTS_DIR)/pointdetector.app/pointdetector";
				FRAMEWORK_SEARCH_PATHS = (
					"$(SDKROOT)/Developer/Library/Frameworks",
					"$(DEVELOPER_LIBRARY_DIR)/Frameworks",
					"/Users/sasaki/PointDetector-iOS",
				);
				GCC_PRECOMPILE_PREFIX_HEADER = YES;
				GCC_PREFIX_HEADER = "pointdetector/pointdetector-Prefix.pch";
				INFOPLIST_FILE = "pointdetectorTests/pointdetectorTests-Info.plist";
				OTHER_LDFLAGS = "$(inherited)";
				PRODUCT_NAME = "$(TARGET_NAME)";
				TEST_HOST = "$(BUNDLE_LOADER)";
				USER_HEADER_SEARCH_PATHS = "";
				WRAPPER_EXTENSION = octest;
			};
			name = Release;
		};
/* End XCBuildConfiguration section */

/* Begin XCConfigurationList section */
		EA1C265E17E2B12B00CEEB71 /* Build configuration list for PBXNativeTarget "pdTest" */ = {
			isa = XCConfigurationList;
			buildConfigurations = (
				EA1C265A17E2B12B00CEEB71 /* Debug */,
				EA1C265B17E2B12B00CEEB71 /* Release */,
			);
			defaultConfigurationIsVisible = 0;
			defaultConfigurationName = Debug;
		};
		EA1C265F17E2B12B00CEEB71 /* Build configuration list for PBXNativeTarget "pdTestTests" */ = {
			isa = XCConfigurationList;
			buildConfigurations = (
				EA1C265C17E2B12B00CEEB71 /* Debug */,
				EA1C265D17E2B12B00CEEB71 /* Release */,
			);
			defaultConfigurationIsVisible = 0;
			defaultConfigurationName = Debug;
		};
		EAFC061317ABA3E9007F4122 /* Build configuration list for PBXProject "pointdetector" */ = {
			isa = XCConfigurationList;
			buildConfigurations = (
				EAFC065817ABA3EA007F4122 /* Debug */,
				EAFC065917ABA3EA007F4122 /* Release */,
			);
			defaultConfigurationIsVisible = 0;
			defaultConfigurationName = Debug;
		};
		EAFC065A17ABA3EA007F4122 /* Build configuration list for PBXNativeTarget "pointdetector" */ = {
			isa = XCConfigurationList;
			buildConfigurations = (
				EAFC065B17ABA3EA007F4122 /* Debug */,
				EAFC065C17ABA3EA007F4122 /* Release */,
			);
			defaultConfigurationIsVisible = 0;
			defaultConfigurationName = Debug;
		};
		EAFC065D17ABA3EA007F4122 /* Build configuration list for PBXNativeTarget "pointdetectorTests" */ = {
			isa = XCConfigurationList;
			buildConfigurations = (
				EAFC065E17ABA3EA007F4122 /* Debug */,
				EAFC065F17ABA3EA007F4122 /* Release */,
			);
			defaultConfigurationIsVisible = 0;
			defaultConfigurationName = Debug;
		};
/* End XCConfigurationList section */
	};
	rootObject = EAFC061017ABA3E9007F4122 /* Project object */;
}
