// !$*UTF8*$!
{
	archiveVersion = 1;
	classes = {
	};
	objectVersion = 46;
	objects = {

/* Begin PBXBuildFile section */
		EA3F245B17AF2D00005232D8 /* Coords.m in Sources */ = {isa = PBXBuildFile; fileRef = EA3F245A17AF2D00005232D8 /* Coords.m */; };
		EA3F245D17AF315B005232D8 /* CoreLocation.framework in Frameworks */ = {isa = PBXBuildFile; fileRef = EA3F245C17AF315B005232D8 /* CoreLocation.framework */; };
		EA3F245F17AF3169005232D8 /* AVFoundation.framework in Frameworks */ = {isa = PBXBuildFile; fileRef = EA3F245E17AF3169005232D8 /* AVFoundation.framework */; };
		EA3F246117AF4951005232D8 /* QuartzCore.framework in Frameworks */ = {isa = PBXBuildFile; fileRef = EA3F246017AF4951005232D8 /* QuartzCore.framework */; };
		EA4E4A9517B0807B00617FBB /* Message.m in Sources */ = {isa = PBXBuildFile; fileRef = EA4E4A9417B0807B00617FBB /* Message.m */; };
		EA4E4A9817B0893F00617FBB /* UserInfo.m in Sources */ = {isa = PBXBuildFile; fileRef = EA4E4A9717B0893F00617FBB /* UserInfo.m */; };
		EA4E4A9B17B0A5C000617FBB /* LoginAuth.m in Sources */ = {isa = PBXBuildFile; fileRef = EA4E4A9A17B0A5C000617FBB /* LoginAuth.m */; };
		EA5FD54317B34EB5003AEA4B /* pd_rabbit_found.png in Resources */ = {isa = PBXBuildFile; fileRef = EA5FD54217B34EB5003AEA4B /* pd_rabbit_found.png */; };
		EA5FD54D17B34ED8003AEA4B /* icon-72.png in Resources */ = {isa = PBXBuildFile; fileRef = EA5FD54517B34ED8003AEA4B /* icon-72.png */; };
		EA5FD54E17B34ED8003AEA4B /* icon-72@2x.png in Resources */ = {isa = PBXBuildFile; fileRef = EA5FD54617B34ED8003AEA4B /* icon-72@2x.png */; };
		EA5FD54F17B34ED8003AEA4B /* icon-Small-50.png in Resources */ = {isa = PBXBuildFile; fileRef = EA5FD54717B34ED8003AEA4B /* icon-Small-50.png */; };
		EA5FD55017B34ED8003AEA4B /* icon-Small-50@2x.png in Resources */ = {isa = PBXBuildFile; fileRef = EA5FD54817B34ED8003AEA4B /* icon-Small-50@2x.png */; };
		EA5FD55117B34ED8003AEA4B /* icon-Small.png in Resources */ = {isa = PBXBuildFile; fileRef = EA5FD54917B34ED8003AEA4B /* icon-Small.png */; };
		EA5FD55217B34ED8003AEA4B /* icon-Small@2x.png in Resources */ = {isa = PBXBuildFile; fileRef = EA5FD54A17B34ED8003AEA4B /* icon-Small@2x.png */; };
		EA5FD55317B34ED8003AEA4B /* icon.png in Resources */ = {isa = PBXBuildFile; fileRef = EA5FD54B17B34ED8003AEA4B /* icon.png */; };
		EA5FD55417B34ED8003AEA4B /* icon@2x.png in Resources */ = {isa = PBXBuildFile; fileRef = EA5FD54C17B34ED8003AEA4B /* icon@2x.png */; };
		EA5FD55717B355E6003AEA4B /* UserPoint.m in Sources */ = {isa = PBXBuildFile; fileRef = EA5FD55617B355E6003AEA4B /* UserPoint.m */; };
		EA5FD55917B365C2003AEA4B /* Accounts.framework in Frameworks */ = {isa = PBXBuildFile; fileRef = EA5FD55817B365C1003AEA4B /* Accounts.framework */; };
		EA5FD55B17B365F3003AEA4B /* Twitter.framework in Frameworks */ = {isa = PBXBuildFile; fileRef = EA5FD55A17B365F3003AEA4B /* Twitter.framework */; };
		EA5FD56117B387D2003AEA4B /* AlertViewWithBlock.m in Sources */ = {isa = PBXBuildFile; fileRef = EA5FD56017B387D0003AEA4B /* AlertViewWithBlock.m */; };
		EA9029C417B1D0A0000C9ABA /* TargetPoint.m in Sources */ = {isa = PBXBuildFile; fileRef = EA9029C317B1D0A0000C9ABA /* TargetPoint.m */; };
		EA9029CB17B20A12000C9ABA /* PointDetail.m in Sources */ = {isa = PBXBuildFile; fileRef = EA9029CA17B20A12000C9ABA /* PointDetail.m */; };
		EAFC061E17ABA3EA007F4122 /* UIKit.framework in Frameworks */ = {isa = PBXBuildFile; fileRef = EAFC061D17ABA3EA007F4122 /* UIKit.framework */; };
		EAFC062017ABA3EA007F4122 /* Foundation.framework in Frameworks */ = {isa = PBXBuildFile; fileRef = EAFC061F17ABA3EA007F4122 /* Foundation.framework */; };
		EAFC062817ABA3EA007F4122 /* InfoPlist.strings in Resources */ = {isa = PBXBuildFile; fileRef = EAFC062617ABA3EA007F4122 /* InfoPlist.strings */; };
		EAFC062A17ABA3EA007F4122 /* main.m in Sources */ = {isa = PBXBuildFile; fileRef = EAFC062917ABA3EA007F4122 /* main.m */; };
		EAFC062E17ABA3EA007F4122 /* AppDelegate.m in Sources */ = {isa = PBXBuildFile; fileRef = EAFC062D17ABA3EA007F4122 /* AppDelegate.m */; };
		EAFC063117ABA3EA007F4122 /* MainStoryboard_iPhone.storyboard in Resources */ = {isa = PBXBuildFile; fileRef = EAFC062F17ABA3EA007F4122 /* MainStoryboard_iPhone.storyboard */; };
		EAFC063417ABA3EA007F4122 /* MainStoryboard_iPad.storyboard in Resources */ = {isa = PBXBuildFile; fileRef = EAFC063217ABA3EA007F4122 /* MainStoryboard_iPad.storyboard */; };
		EAFC063717ABA3EA007F4122 /* FirstViewController.m in Sources */ = {isa = PBXBuildFile; fileRef = EAFC063617ABA3EA007F4122 /* FirstViewController.m */; };
		EAFC063917ABA3EA007F4122 /* first.png in Resources */ = {isa = PBXBuildFile; fileRef = EAFC063817ABA3EA007F4122 /* first.png */; };
		EAFC063B17ABA3EA007F4122 /* first@2x.png in Resources */ = {isa = PBXBuildFile; fileRef = EAFC063A17ABA3EA007F4122 /* first@2x.png */; };
		EAFC063E17ABA3EA007F4122 /* SecondViewController.m in Sources */ = {isa = PBXBuildFile; fileRef = EAFC063D17ABA3EA007F4122 /* SecondViewController.m */; };
		EAFC064017ABA3EA007F4122 /* second.png in Resources */ = {isa = PBXBuildFile; fileRef = EAFC063F17ABA3EA007F4122 /* second.png */; };
		EAFC064217ABA3EA007F4122 /* second@2x.png in Resources */ = {isa = PBXBuildFile; fileRef = EAFC064117ABA3EA007F4122 /* second@2x.png */; };
		EAFC064A17ABA3EA007F4122 /* SenTestingKit.framework in Frameworks */ = {isa = PBXBuildFile; fileRef = EAFC064917ABA3EA007F4122 /* SenTestingKit.framework */; };
		EAFC064B17ABA3EA007F4122 /* UIKit.framework in Frameworks */ = {isa = PBXBuildFile; fileRef = EAFC061D17ABA3EA007F4122 /* UIKit.framework */; };
		EAFC064C17ABA3EA007F4122 /* Foundation.framework in Frameworks */ = {isa = PBXBuildFile; fileRef = EAFC061F17ABA3EA007F4122 /* Foundation.framework */; };
		EAFC065417ABA3EA007F4122 /* InfoPlist.strings in Resources */ = {isa = PBXBuildFile; fileRef = EAFC065217ABA3EA007F4122 /* InfoPlist.strings */; };
		EAFC065717ABA3EA007F4122 /* pointdetectorTests.m in Sources */ = {isa = PBXBuildFile; fileRef = EAFC065617ABA3EA007F4122 /* pointdetectorTests.m */; };
		EAFD8C8617CF06FC0015048F /* Default-568h@2x.png in Resources */ = {isa = PBXBuildFile; fileRef = EAFD8C8517CF06FC0015048F /* Default-568h@2x.png */; };
/* End PBXBuildFile section */

/* Begin PBXContainerItemProxy section */
		EAFC064D17ABA3EA007F4122 /* PBXContainerItemProxy */ = {
			isa = PBXContainerItemProxy;
			containerPortal = EAFC061017ABA3E9007F4122 /* Project object */;
			proxyType = 1;
			remoteGlobalIDString = EAFC061817ABA3EA007F4122;
			remoteInfo = pointdetector;
		};
/* End PBXContainerItemProxy section */

/* Begin PBXFileReference section */
		EA3F245817AF2CD4005232D8 /* Coords.h */ = {isa = PBXFileReference; fileEncoding = 4; lastKnownFileType = sourcecode.c.h; path = Coords.h; sourceTree = "<group>"; };
		EA3F245A17AF2D00005232D8 /* Coords.m */ = {isa = PBXFileReference; fileEncoding = 4; lastKnownFileType = sourcecode.c.objc; path = Coords.m; sourceTree = "<group>"; };
		EA3F245C17AF315B005232D8 /* CoreLocation.framework */ = {isa = PBXFileReference; lastKnownFileType = wrapper.framework; name = CoreLocation.framework; path = System/Library/Frameworks/CoreLocation.framework; sourceTree = SDKROOT; };
		EA3F245E17AF3169005232D8 /* AVFoundation.framework */ = {isa = PBXFileReference; lastKnownFileType = wrapper.framework; name = AVFoundation.framework; path = System/Library/Frameworks/AVFoundation.framework; sourceTree = SDKROOT; };
		EA3F246017AF4951005232D8 /* QuartzCore.framework */ = {isa = PBXFileReference; lastKnownFileType = wrapper.framework; name = QuartzCore.framework; path = System/Library/Frameworks/QuartzCore.framework; sourceTree = SDKROOT; };
		EA4E4A9317B0805800617FBB /* Message.h */ = {isa = PBXFileReference; fileEncoding = 4; lastKnownFileType = sourcecode.c.h; path = Message.h; sourceTree = "<group>"; };
		EA4E4A9417B0807B00617FBB /* Message.m */ = {isa = PBXFileReference; fileEncoding = 4; lastKnownFileType = sourcecode.c.objc; path = Message.m; sourceTree = "<group>"; };
		EA4E4A9617B0893F00617FBB /* UserInfo.h */ = {isa = PBXFileReference; fileEncoding = 4; lastKnownFileType = sourcecode.c.h; path = UserInfo.h; sourceTree = "<group>"; };
		EA4E4A9717B0893F00617FBB /* UserInfo.m */ = {isa = PBXFileReference; fileEncoding = 4; lastKnownFileType = sourcecode.c.objc; path = UserInfo.m; sourceTree = "<group>"; };
		EA4E4A9917B0A5C000617FBB /* LoginAuth.h */ = {isa = PBXFileReference; fileEncoding = 4; lastKnownFileType = sourcecode.c.h; path = LoginAuth.h; sourceTree = "<group>"; };
		EA4E4A9A17B0A5C000617FBB /* LoginAuth.m */ = {isa = PBXFileReference; fileEncoding = 4; lastKnownFileType = sourcecode.c.objc; path = LoginAuth.m; sourceTree = "<group>"; };
		EA54B2F517B4839100C034E0 /* ja */ = {isa = PBXFileReference; lastKnownFileType = file.storyboard; name = ja; path = ja.lproj/MainStoryboard_iPhone.storyboard; sourceTree = "<group>"; };
		EA54B2F617B483AD00C034E0 /* ja */ = {isa = PBXFileReference; lastKnownFileType = file.storyboard; name = ja; path = ja.lproj/MainStoryboard_iPad.storyboard; sourceTree = "<group>"; };
		EA5FD54217B34EB5003AEA4B /* pd_rabbit_found.png */ = {isa = PBXFileReference; lastKnownFileType = image.png; path = pd_rabbit_found.png; sourceTree = "<group>"; };
		EA5FD54517B34ED8003AEA4B /* icon-72.png */ = {isa = PBXFileReference; lastKnownFileType = image.png; path = "icon-72.png"; sourceTree = "<group>"; };
		EA5FD54617B34ED8003AEA4B /* icon-72@2x.png */ = {isa = PBXFileReference; lastKnownFileType = image.png; path = "icon-72@2x.png"; sourceTree = "<group>"; };
		EA5FD54717B34ED8003AEA4B /* icon-Small-50.png */ = {isa = PBXFileReference; lastKnownFileType = image.png; path = "icon-Small-50.png"; sourceTree = "<group>"; };
		EA5FD54817B34ED8003AEA4B /* icon-Small-50@2x.png */ = {isa = PBXFileReference; lastKnownFileType = image.png; path = "icon-Small-50@2x.png"; sourceTree = "<group>"; };
		EA5FD54917B34ED8003AEA4B /* icon-Small.png */ = {isa = PBXFileReference; lastKnownFileType = image.png; path = "icon-Small.png"; sourceTree = "<group>"; };
		EA5FD54A17B34ED8003AEA4B /* icon-Small@2x.png */ = {isa = PBXFileReference; lastKnownFileType = image.png; path = "icon-Small@2x.png"; sourceTree = "<group>"; };
		EA5FD54B17B34ED8003AEA4B /* icon.png */ = {isa = PBXFileReference; lastKnownFileType = image.png; path = icon.png; sourceTree = "<group>"; };
		EA5FD54C17B34ED8003AEA4B /* icon@2x.png */ = {isa = PBXFileReference; lastKnownFileType = image.png; path = "icon@2x.png"; sourceTree = "<group>"; };
		EA5FD55517B355E5003AEA4B /* UserPoint.h */ = {isa = PBXFileReference; fileEncoding = 4; lastKnownFileType = sourcecode.c.h; path = UserPoint.h; sourceTree = "<group>"; };
		EA5FD55617B355E6003AEA4B /* UserPoint.m */ = {isa = PBXFileReference; fileEncoding = 4; lastKnownFileType = sourcecode.c.objc; path = UserPoint.m; sourceTree = "<group>"; };
		EA5FD55817B365C1003AEA4B /* Accounts.framework */ = {isa = PBXFileReference; lastKnownFileType = wrapper.framework; name = Accounts.framework; path = System/Library/Frameworks/Accounts.framework; sourceTree = SDKROOT; };
		EA5FD55A17B365F3003AEA4B /* Twitter.framework */ = {isa = PBXFileReference; lastKnownFileType = wrapper.framework; name = Twitter.framework; path = System/Library/Frameworks/Twitter.framework; sourceTree = SDKROOT; };
		EA5FD55F17B387CD003AEA4B /* AlertViewWithBlock.h */ = {isa = PBXFileReference; fileEncoding = 4; lastKnownFileType = sourcecode.c.h; path = AlertViewWithBlock.h; sourceTree = "<group>"; };
		EA5FD56017B387D0003AEA4B /* AlertViewWithBlock.m */ = {isa = PBXFileReference; fileEncoding = 4; lastKnownFileType = sourcecode.c.objc; path = AlertViewWithBlock.m; sourceTree = "<group>"; };
		EA9029C217B1D0A0000C9ABA /* TargetPoint.h */ = {isa = PBXFileReference; fileEncoding = 4; lastKnownFileType = sourcecode.c.h; path = TargetPoint.h; sourceTree = "<group>"; };
		EA9029C317B1D0A0000C9ABA /* TargetPoint.m */ = {isa = PBXFileReference; fileEncoding = 4; lastKnownFileType = sourcecode.c.objc; path = TargetPoint.m; sourceTree = "<group>"; };
		EA9029C917B20A12000C9ABA /* PointDetail.h */ = {isa = PBXFileReference; fileEncoding = 4; lastKnownFileType = sourcecode.c.h; path = PointDetail.h; sourceTree = "<group>"; };
		EA9029CA17B20A12000C9ABA /* PointDetail.m */ = {isa = PBXFileReference; fileEncoding = 4; lastKnownFileType = sourcecode.c.objc; path = PointDetail.m; sourceTree = "<group>"; };
		EAFC061917ABA3EA007F4122 /* pointdetector.app */ = {isa = PBXFileReference; explicitFileType = wrapper.application; includeInIndex = 0; path = pointdetector.app; sourceTree = BUILT_PRODUCTS_DIR; };
		EAFC061D17ABA3EA007F4122 /* UIKit.framework */ = {isa = PBXFileReference; lastKnownFileType = wrapper.framework; name = UIKit.framework; path = System/Library/Frameworks/UIKit.framework; sourceTree = SDKROOT; };
		EAFC061F17ABA3EA007F4122 /* Foundation.framework */ = {isa = PBXFileReference; lastKnownFileType = wrapper.framework; name = Foundation.framework; path = System/Library/Frameworks/Foundation.framework; sourceTree = SDKROOT; };
		EAFC062117ABA3EA007F4122 /* CoreGraphics.framework */ = {isa = PBXFileReference; lastKnownFileType = wrapper.framework; name = CoreGraphics.framework; path = System/Library/Frameworks/CoreGraphics.framework; sourceTree = SDKROOT; };
		EAFC062517ABA3EA007F4122 /* pointdetector-Info.plist */ = {isa = PBXFileReference; lastKnownFileType = text.plist.xml; path = "pointdetector-Info.plist"; sourceTree = "<group>"; };
		EAFC062717ABA3EA007F4122 /* en */ = {isa = PBXFileReference; lastKnownFileType = text.plist.strings; name = en; path = en.lproj/InfoPlist.strings; sourceTree = "<group>"; };
		EAFC062917ABA3EA007F4122 /* main.m */ = {isa = PBXFileReference; lastKnownFileType = sourcecode.c.objc; path = main.m; sourceTree = "<group>"; };
		EAFC062B17ABA3EA007F4122 /* pointdetector-Prefix.pch */ = {isa = PBXFileReference; lastKnownFileType = sourcecode.c.h; path = "pointdetector-Prefix.pch"; sourceTree = "<group>"; };
		EAFC062C17ABA3EA007F4122 /* AppDelegate.h */ = {isa = PBXFileReference; lastKnownFileType = sourcecode.c.h; path = AppDelegate.h; sourceTree = "<group>"; };
		EAFC062D17ABA3EA007F4122 /* AppDelegate.m */ = {isa = PBXFileReference; lastKnownFileType = sourcecode.c.objc; path = AppDelegate.m; sourceTree = "<group>"; };
		EAFC063017ABA3EA007F4122 /* en */ = {isa = PBXFileReference; lastKnownFileType = file.storyboard; name = en; path = en.lproj/MainStoryboard_iPhone.storyboard; sourceTree = "<group>"; };
		EAFC063317ABA3EA007F4122 /* en */ = {isa = PBXFileReference; lastKnownFileType = file.storyboard; name = en; path = en.lproj/MainStoryboard_iPad.storyboard; sourceTree = "<group>"; };
		EAFC063517ABA3EA007F4122 /* FirstViewController.h */ = {isa = PBXFileReference; lastKnownFileType = sourcecode.c.h; path = FirstViewController.h; sourceTree = "<group>"; };
		EAFC063617ABA3EA007F4122 /* FirstViewController.m */ = {isa = PBXFileReference; lastKnownFileType = sourcecode.c.objc; path = FirstViewController.m; sourceTree = "<group>"; };
		EAFC063817ABA3EA007F4122 /* first.png */ = {isa = PBXFileReference; lastKnownFileType = image.png; path = first.png; sourceTree = "<group>"; };
		EAFC063A17ABA3EA007F4122 /* first@2x.png */ = {isa = PBXFileReference; lastKnownFileType = image.png; path = "first@2x.png"; sourceTree = "<group>"; };
		EAFC063C17ABA3EA007F4122 /* SecondViewController.h */ = {isa = PBXFileReference; lastKnownFileType = sourcecode.c.h; path = SecondViewController.h; sourceTree = "<group>"; };
		EAFC063D17ABA3EA007F4122 /* SecondViewController.m */ = {isa = PBXFileReference; lastKnownFileType = sourcecode.c.objc; path = SecondViewController.m; sourceTree = "<group>"; };
		EAFC063F17ABA3EA007F4122 /* second.png */ = {isa = PBXFileReference; lastKnownFileType = image.png; path = second.png; sourceTree = "<group>"; };
		EAFC064117ABA3EA007F4122 /* second@2x.png */ = {isa = PBXFileReference; lastKnownFileType = image.png; path = "second@2x.png"; sourceTree = "<group>"; };
		EAFC064817ABA3EA007F4122 /* pointdetectorTests.octest */ = {isa = PBXFileReference; explicitFileType = wrapper.cfbundle; includeInIndex = 0; path = pointdetectorTests.octest; sourceTree = BUILT_PRODUCTS_DIR; };
		EAFC064917ABA3EA007F4122 /* SenTestingKit.framework */ = {isa = PBXFileReference; lastKnownFileType = wrapper.framework; name = SenTestingKit.framework; path = Library/Frameworks/SenTestingKit.framework; sourceTree = DEVELOPER_DIR; };
		EAFC065117ABA3EA007F4122 /* pointdetectorTests-Info.plist */ = {isa = PBXFileReference; lastKnownFileType = text.plist.xml; path = "pointdetectorTests-Info.plist"; sourceTree = "<group>"; };
		EAFC065317ABA3EA007F4122 /* en */ = {isa = PBXFileReference; lastKnownFileType = text.plist.strings; name = en; path = en.lproj/InfoPlist.strings; sourceTree = "<group>"; };
		EAFC065517ABA3EA007F4122 /* pointdetectorTests.h */ = {isa = PBXFileReference; lastKnownFileType = sourcecode.c.h; path = pointdetectorTests.h; sourceTree = "<group>"; };
		EAFC065617ABA3EA007F4122 /* pointdetectorTests.m */ = {isa = PBXFileReference; lastKnownFileType = sourcecode.c.objc; path = pointdetectorTests.m; sourceTree = "<group>"; };
		EAFD8C8517CF06FC0015048F /* Default-568h@2x.png */ = {isa = PBXFileReference; lastKnownFileType = image.png; path = "Default-568h@2x.png"; sourceTree = "<group>"; };
/* End PBXFileReference section */

/* Begin PBXFrameworksBuildPhase section */
		EAFC061617ABA3EA007F4122 /* Frameworks */ = {
			isa = PBXFrameworksBuildPhase;
			buildActionMask = 2147483647;
			files = (
				EA5FD55B17B365F3003AEA4B /* Twitter.framework in Frameworks */,
				EA5FD55917B365C2003AEA4B /* Accounts.framework in Frameworks */,
				EA3F246117AF4951005232D8 /* QuartzCore.framework in Frameworks */,
				EA3F245F17AF3169005232D8 /* AVFoundation.framework in Frameworks */,
				EA3F245D17AF315B005232D8 /* CoreLocation.framework in Frameworks */,
				EAFC061E17ABA3EA007F4122 /* UIKit.framework in Frameworks */,
				EAFC062017ABA3EA007F4122 /* Foundation.framework in Frameworks */,
			);
			runOnlyForDeploymentPostprocessing = 0;
		};
		EAFC064417ABA3EA007F4122 /* Frameworks */ = {
			isa = PBXFrameworksBuildPhase;
			buildActionMask = 2147483647;
			files = (
				EAFC064A17ABA3EA007F4122 /* SenTestingKit.framework in Frameworks */,
				EAFC064B17ABA3EA007F4122 /* UIKit.framework in Frameworks */,
				EAFC064C17ABA3EA007F4122 /* Foundation.framework in Frameworks */,
			);
			runOnlyForDeploymentPostprocessing = 0;
		};
/* End PBXFrameworksBuildPhase section */

/* Begin PBXGroup section */
		EAFC060E17ABA3E9007F4122 = {
			isa = PBXGroup;
			children = (
				EAFD8C8517CF06FC0015048F /* Default-568h@2x.png */,
				EAFC062317ABA3EA007F4122 /* pointdetector */,
				EAFC064F17ABA3EA007F4122 /* pointdetectorTests */,
				EAFC061C17ABA3EA007F4122 /* Frameworks */,
				EAFC061A17ABA3EA007F4122 /* Products */,
			);
			sourceTree = "<group>";
		};
		EAFC061A17ABA3EA007F4122 /* Products */ = {
			isa = PBXGroup;
			children = (
				EAFC061917ABA3EA007F4122 /* pointdetector.app */,
				EAFC064817ABA3EA007F4122 /* pointdetectorTests.octest */,
			);
			name = Products;
			sourceTree = "<group>";
		};
		EAFC061C17ABA3EA007F4122 /* Frameworks */ = {
			isa = PBXGroup;
			children = (
				EA5FD55A17B365F3003AEA4B /* Twitter.framework */,
				EA5FD55817B365C1003AEA4B /* Accounts.framework */,
				EA3F246017AF4951005232D8 /* QuartzCore.framework */,
				EA3F245E17AF3169005232D8 /* AVFoundation.framework */,
				EA3F245C17AF315B005232D8 /* CoreLocation.framework */,
				EAFC061D17ABA3EA007F4122 /* UIKit.framework */,
				EAFC061F17ABA3EA007F4122 /* Foundation.framework */,
				EAFC062117ABA3EA007F4122 /* CoreGraphics.framework */,
				EAFC064917ABA3EA007F4122 /* SenTestingKit.framework */,
			);
			name = Frameworks;
			sourceTree = "<group>";
		};
		EAFC062317ABA3EA007F4122 /* pointdetector */ = {
			isa = PBXGroup;
			children = (
				EAFC062C17ABA3EA007F4122 /* AppDelegate.h */,
				EAFC062D17ABA3EA007F4122 /* AppDelegate.m */,
				EA3F245817AF2CD4005232D8 /* Coords.h */,
				EA3F245A17AF2D00005232D8 /* Coords.m */,
				EAFC062F17ABA3EA007F4122 /* MainStoryboard_iPhone.storyboard */,
				EAFC063217ABA3EA007F4122 /* MainStoryboard_iPad.storyboard */,
				EAFC063517ABA3EA007F4122 /* FirstViewController.h */,
				EAFC063617ABA3EA007F4122 /* FirstViewController.m */,
				EAFC063817ABA3EA007F4122 /* first.png */,
				EAFC063A17ABA3EA007F4122 /* first@2x.png */,
				EAFC063C17ABA3EA007F4122 /* SecondViewController.h */,
				EAFC063D17ABA3EA007F4122 /* SecondViewController.m */,
				EAFC063F17ABA3EA007F4122 /* second.png */,
				EAFC064117ABA3EA007F4122 /* second@2x.png */,
				EA4E4A9917B0A5C000617FBB /* LoginAuth.h */,
				EA4E4A9A17B0A5C000617FBB /* LoginAuth.m */,
				EA4E4A9317B0805800617FBB /* Message.h */,
				EA4E4A9417B0807B00617FBB /* Message.m */,
				EA5FD55F17B387CD003AEA4B /* AlertViewWithBlock.h */,
				EA5FD56017B387D0003AEA4B /* AlertViewWithBlock.m */,
				EA9029C217B1D0A0000C9ABA /* TargetPoint.h */,
				EA9029C317B1D0A0000C9ABA /* TargetPoint.m */,
				EA9029C917B20A12000C9ABA /* PointDetail.h */,
				EA9029CA17B20A12000C9ABA /* PointDetail.m */,
				EA4E4A9617B0893F00617FBB /* UserInfo.h */,
				EA4E4A9717B0893F00617FBB /* UserInfo.m */,
				EA5FD55517B355E5003AEA4B /* UserPoint.h */,
				EA5FD55617B355E6003AEA4B /* UserPoint.m */,
				EAFC062417ABA3EA007F4122 /* Supporting Files */,
			);
			path = pointdetector;
			sourceTree = "<group>";
		};
		EAFC062417ABA3EA007F4122 /* Supporting Files */ = {
			isa = PBXGroup;
			children = (
				EA5FD54517B34ED8003AEA4B /* icon-72.png */,
				EA5FD54617B34ED8003AEA4B /* icon-72@2x.png */,
				EA5FD54717B34ED8003AEA4B /* icon-Small-50.png */,
				EA5FD54817B34ED8003AEA4B /* icon-Small-50@2x.png */,
				EA5FD54917B34ED8003AEA4B /* icon-Small.png */,
				EA5FD54A17B34ED8003AEA4B /* icon-Small@2x.png */,
				EA5FD54B17B34ED8003AEA4B /* icon.png */,
				EA5FD54C17B34ED8003AEA4B /* icon@2x.png */,
				EA5FD54217B34EB5003AEA4B /* pd_rabbit_found.png */,
				EAFC062517ABA3EA007F4122 /* pointdetector-Info.plist */,
				EAFC062617ABA3EA007F4122 /* InfoPlist.strings */,
				EAFC062917ABA3EA007F4122 /* main.m */,
				EAFC062B17ABA3EA007F4122 /* pointdetector-Prefix.pch */,
			);
			name = "Supporting Files";
			sourceTree = "<group>";
		};
		EAFC064F17ABA3EA007F4122 /* pointdetectorTests */ = {
			isa = PBXGroup;
			children = (
				EAFC065517ABA3EA007F4122 /* pointdetectorTests.h */,
				EAFC065617ABA3EA007F4122 /* pointdetectorTests.m */,
				EAFC065017ABA3EA007F4122 /* Supporting Files */,
			);
			path = pointdetectorTests;
			sourceTree = "<group>";
		};
		EAFC065017ABA3EA007F4122 /* Supporting Files */ = {
			isa = PBXGroup;
			children = (
				EAFC065117ABA3EA007F4122 /* pointdetectorTests-Info.plist */,
				EAFC065217ABA3EA007F4122 /* InfoPlist.strings */,
			);
			name = "Supporting Files";
			sourceTree = "<group>";
		};
/* End PBXGroup section */

/* Begin PBXNativeTarget section */
		EAFC061817ABA3EA007F4122 /* pointdetector */ = {
			isa = PBXNativeTarget;
			buildConfigurationList = EAFC065A17ABA3EA007F4122 /* Build configuration list for PBXNativeTarget "pointdetector" */;
			buildPhases = (
				EAFC061517ABA3EA007F4122 /* Sources */,
				EAFC061617ABA3EA007F4122 /* Frameworks */,
				EAFC061717ABA3EA007F4122 /* Resources */,
			);
			buildRules = (
			);
			dependencies = (
			);
			name = pointdetector;
			productName = pointdetector;
			productReference = EAFC061917ABA3EA007F4122 /* pointdetector.app */;
			productType = "com.apple.product-type.application";
		};
		EAFC064717ABA3EA007F4122 /* pointdetectorTests */ = {
			isa = PBXNativeTarget;
			buildConfigurationList = EAFC065D17ABA3EA007F4122 /* Build configuration list for PBXNativeTarget "pointdetectorTests" */;
			buildPhases = (
				EAFC064317ABA3EA007F4122 /* Sources */,
				EAFC064417ABA3EA007F4122 /* Frameworks */,
				EAFC064517ABA3EA007F4122 /* Resources */,
				EAFC064617ABA3EA007F4122 /* ShellScript */,
			);
			buildRules = (
			);
			dependencies = (
				EAFC064E17ABA3EA007F4122 /* PBXTargetDependency */,
			);
			name = pointdetectorTests;
			productName = pointdetectorTests;
			productReference = EAFC064817ABA3EA007F4122 /* pointdetectorTests.octest */;
			productType = "com.apple.product-type.bundle";
		};
/* End PBXNativeTarget section */

/* Begin PBXProject section */
		EAFC061017ABA3E9007F4122 /* Project object */ = {
			isa = PBXProject;
			attributes = {
				LastUpgradeCheck = 0500;
			};
			buildConfigurationList = EAFC061317ABA3E9007F4122 /* Build configuration list for PBXProject "pointdetector" */;
			compatibilityVersion = "Xcode 3.2";
			developmentRegion = English;
			hasScannedForEncodings = 0;
			knownRegions = (
				en,
				ja,
			);
			mainGroup = EAFC060E17ABA3E9007F4122;
			productRefGroup = EAFC061A17ABA3EA007F4122 /* Products */;
			projectDirPath = "";
			projectRoot = "";
			targets = (
				EAFC061817ABA3EA007F4122 /* pointdetector */,
				EAFC064717ABA3EA007F4122 /* pointdetectorTests */,
			);
		};
/* End PBXProject section */

/* Begin PBXResourcesBuildPhase section */
		EAFC061717ABA3EA007F4122 /* Resources */ = {
			isa = PBXResourcesBuildPhase;
			buildActionMask = 2147483647;
			files = (
				EAFC062817ABA3EA007F4122 /* InfoPlist.strings in Resources */,
				EAFC063117ABA3EA007F4122 /* MainStoryboard_iPhone.storyboard in Resources */,
				EAFC063417ABA3EA007F4122 /* MainStoryboard_iPad.storyboard in Resources */,
				EAFC063917ABA3EA007F4122 /* first.png in Resources */,
				EAFC063B17ABA3EA007F4122 /* first@2x.png in Resources */,
				EAFC064017ABA3EA007F4122 /* second.png in Resources */,
				EAFC064217ABA3EA007F4122 /* second@2x.png in Resources */,
				EA5FD54317B34EB5003AEA4B /* pd_rabbit_found.png in Resources */,
				EAFD8C8617CF06FC0015048F /* Default-568h@2x.png in Resources */,
				EA5FD54D17B34ED8003AEA4B /* icon-72.png in Resources */,
				EA5FD54E17B34ED8003AEA4B /* icon-72@2x.png in Resources */,
				EA5FD54F17B34ED8003AEA4B /* icon-Small-50.png in Resources */,
				EA5FD55017B34ED8003AEA4B /* icon-Small-50@2x.png in Resources */,
				EA5FD55117B34ED8003AEA4B /* icon-Small.png in Resources */,
				EA5FD55217B34ED8003AEA4B /* icon-Small@2x.png in Resources */,
				EA5FD55317B34ED8003AEA4B /* icon.png in Resources */,
				EA5FD55417B34ED8003AEA4B /* icon@2x.png in Resources */,
			);
			runOnlyForDeploymentPostprocessing = 0;
		};
		EAFC064517ABA3EA007F4122 /* Resources */ = {
			isa = PBXResourcesBuildPhase;
			buildActionMask = 2147483647;
			files = (
				EAFC065417ABA3EA007F4122 /* InfoPlist.strings in Resources */,
			);
			runOnlyForDeploymentPostprocessing = 0;
		};
/* End PBXResourcesBuildPhase section */

/* Begin PBXShellScriptBuildPhase section */
		EAFC064617ABA3EA007F4122 /* ShellScript */ = {
			isa = PBXShellScriptBuildPhase;
			buildActionMask = 2147483647;
			files = (
			);
			inputPaths = (
			);
			outputPaths = (
			);
			runOnlyForDeploymentPostprocessing = 0;
			shellPath = /bin/sh;
			shellScript = "# Run the unit tests in this test bundle.\n\"${SYSTEM_DEVELOPER_DIR}/Tools/RunUnitTests\"\n";
		};
/* End PBXShellScriptBuildPhase section */

/* Begin PBXSourcesBuildPhase section */
		EAFC061517ABA3EA007F4122 /* Sources */ = {
			isa = PBXSourcesBuildPhase;
			buildActionMask = 2147483647;
			files = (
				EAFC062A17ABA3EA007F4122 /* main.m in Sources */,
				EAFC062E17ABA3EA007F4122 /* AppDelegate.m in Sources */,
				EAFC063717ABA3EA007F4122 /* FirstViewController.m in Sources */,
				EAFC063E17ABA3EA007F4122 /* SecondViewController.m in Sources */,
				EA3F245B17AF2D00005232D8 /* Coords.m in Sources */,
				EA4E4A9517B0807B00617FBB /* Message.m in Sources */,
				EA4E4A9817B0893F00617FBB /* UserInfo.m in Sources */,
				EA4E4A9B17B0A5C000617FBB /* LoginAuth.m in Sources */,
				EA9029C417B1D0A0000C9ABA /* TargetPoint.m in Sources */,
				EA9029CB17B20A12000C9ABA /* PointDetail.m in Sources */,
				EA5FD55717B355E6003AEA4B /* UserPoint.m in Sources */,
				EA5FD56117B387D2003AEA4B /* AlertViewWithBlock.m in Sources */,
			);
			runOnlyForDeploymentPostprocessing = 0;
		};
		EAFC064317ABA3EA007F4122 /* Sources */ = {
			isa = PBXSourcesBuildPhase;
			buildActionMask = 2147483647;
			files = (
				EAFC065717ABA3EA007F4122 /* pointdetectorTests.m in Sources */,
			);
			runOnlyForDeploymentPostprocessing = 0;
		};
/* End PBXSourcesBuildPhase section */

/* Begin PBXTargetDependency section */
		EAFC064E17ABA3EA007F4122 /* PBXTargetDependency */ = {
			isa = PBXTargetDependency;
			target = EAFC061817ABA3EA007F4122 /* pointdetector */;
			targetProxy = EAFC064D17ABA3EA007F4122 /* PBXContainerItemProxy */;
		};
/* End PBXTargetDependency section */

/* Begin PBXVariantGroup section */
		EAFC062617ABA3EA007F4122 /* InfoPlist.strings */ = {
			isa = PBXVariantGroup;
			children = (
				EAFC062717ABA3EA007F4122 /* en */,
			);
			name = InfoPlist.strings;
			sourceTree = "<group>";
		};
		EAFC062F17ABA3EA007F4122 /* MainStoryboard_iPhone.storyboard */ = {
			isa = PBXVariantGroup;
			children = (
				EAFC063017ABA3EA007F4122 /* en */,
				EA54B2F517B4839100C034E0 /* ja */,
			);
			name = MainStoryboard_iPhone.storyboard;
			sourceTree = "<group>";
		};
		EAFC063217ABA3EA007F4122 /* MainStoryboard_iPad.storyboard */ = {
			isa = PBXVariantGroup;
			children = (
				EAFC063317ABA3EA007F4122 /* en */,
				EA54B2F617B483AD00C034E0 /* ja */,
			);
			name = MainStoryboard_iPad.storyboard;
			sourceTree = "<group>";
		};
		EAFC065217ABA3EA007F4122 /* InfoPlist.strings */ = {
			isa = PBXVariantGroup;
			children = (
				EAFC065317ABA3EA007F4122 /* en */,
			);
			name = InfoPlist.strings;
			sourceTree = "<group>";
		};
/* End PBXVariantGroup section */

/* Begin XCBuildConfiguration section */
		EAFC065817ABA3EA007F4122 /* Debug */ = {
			isa = XCBuildConfiguration;
			buildSettings = {
				ALWAYS_SEARCH_USER_PATHS = NO;
				CLANG_ENABLE_OBJC_ARC = YES;
				CLANG_WARN_BOOL_CONVERSION = YES;
				CLANG_WARN_CONSTANT_CONVERSION = YES;
				CLANG_WARN_EMPTY_BODY = YES;
				CLANG_WARN_ENUM_CONVERSION = YES;
				CLANG_WARN_INT_CONVERSION = YES;
				CLANG_WARN__DUPLICATE_METHOD_MATCH = YES;
				"CODE_SIGN_IDENTITY[sdk=iphoneos*]" = "iPhone Developer";
				COPY_PHASE_STRIP = NO;
				GCC_C_LANGUAGE_STANDARD = gnu99;
				GCC_DYNAMIC_NO_PIC = NO;
				GCC_OPTIMIZATION_LEVEL = 0;
				GCC_PREPROCESSOR_DEFINITIONS = (
					"DEBUG=1",
					"$(inherited)",
				);
				GCC_SYMBOLS_PRIVATE_EXTERN = NO;
				GCC_VERSION = com.apple.compilers.llvm.clang.1_0;
				GCC_WARN_ABOUT_MISSING_PROTOTYPES = YES;
				GCC_WARN_ABOUT_RETURN_TYPE = YES;
				GCC_WARN_UNDECLARED_SELECTOR = YES;
				GCC_WARN_UNINITIALIZED_AUTOS = YES;
				GCC_WARN_UNUSED_FUNCTION = YES;
				GCC_WARN_UNUSED_VARIABLE = YES;
				IPHONEOS_DEPLOYMENT_TARGET = 5.0;
				ONLY_ACTIVE_ARCH = YES;
				SDKROOT = iphoneos;
				TARGETED_DEVICE_FAMILY = "1,2";
			};
			name = Debug;
		};
		EAFC065917ABA3EA007F4122 /* Release */ = {
			isa = XCBuildConfiguration;
			buildSettings = {
				ALWAYS_SEARCH_USER_PATHS = NO;
				CLANG_ENABLE_OBJC_ARC = YES;
				CLANG_WARN_BOOL_CONVERSION = YES;
				CLANG_WARN_CONSTANT_CONVERSION = YES;
				CLANG_WARN_EMPTY_BODY = YES;
				CLANG_WARN_ENUM_CONVERSION = YES;
				CLANG_WARN_INT_CONVERSION = YES;
				CLANG_WARN__DUPLICATE_METHOD_MATCH = YES;
				"CODE_SIGN_IDENTITY[sdk=iphoneos*]" = "iPhone Developer";
				COPY_PHASE_STRIP = YES;
				GCC_C_LANGUAGE_STANDARD = gnu99;
				GCC_VERSION = com.apple.compilers.llvm.clang.1_0;
				GCC_WARN_ABOUT_MISSING_PROTOTYPES = YES;
				GCC_WARN_ABOUT_RETURN_TYPE = YES;
				GCC_WARN_UNDECLARED_SELECTOR = YES;
				GCC_WARN_UNINITIALIZED_AUTOS = YES;
				GCC_WARN_UNUSED_FUNCTION = YES;
				GCC_WARN_UNUSED_VARIABLE = YES;
				IPHONEOS_DEPLOYMENT_TARGET = 5.0;
				OTHER_CFLAGS = "-DNS_BLOCK_ASSERTIONS=1";
				SDKROOT = iphoneos;
				TARGETED_DEVICE_FAMILY = "1,2";
				VALIDATE_PRODUCT = YES;
			};
			name = Release;
		};
		EAFC065B17ABA3EA007F4122 /* Debug */ = {
			isa = XCBuildConfiguration;
			buildSettings = {
				GCC_PRECOMPILE_PREFIX_HEADER = YES;
				GCC_PREFIX_HEADER = "pointdetector/pointdetector-Prefix.pch";
				INFOPLIST_FILE = "pointdetector/pointdetector-Info.plist";
				PRODUCT_NAME = "$(TARGET_NAME)";
				WRAPPER_EXTENSION = app;
			};
			name = Debug;
		};
		EAFC065C17ABA3EA007F4122 /* Release */ = {
			isa = XCBuildConfiguration;
			buildSettings = {
				GCC_PRECOMPILE_PREFIX_HEADER = YES;
				GCC_PREFIX_HEADER = "pointdetector/pointdetector-Prefix.pch";
				INFOPLIST_FILE = "pointdetector/pointdetector-Info.plist";
				PRODUCT_NAME = "$(TARGET_NAME)";
				WRAPPER_EXTENSION = app;
			};
			name = Release;
		};
		EAFC065E17ABA3EA007F4122 /* Debug */ = {
			isa = XCBuildConfiguration;
			buildSettings = {
				BUNDLE_LOADER = "$(BUILT_PRODUCTS_DIR)/pointdetector.app/pointdetector";
				FRAMEWORK_SEARCH_PATHS = (
					"$(SDKROOT)/Developer/Library/Frameworks",
					"$(DEVELOPER_LIBRARY_DIR)/Frameworks",
				);
				GCC_PRECOMPILE_PREFIX_HEADER = YES;
				GCC_PREFIX_HEADER = "pointdetector/pointdetector-Prefix.pch";
				INFOPLIST_FILE = "pointdetectorTests/pointdetectorTests-Info.plist";
				PRODUCT_NAME = "$(TARGET_NAME)";
				TEST_HOST = "$(BUNDLE_LOADER)";
				WRAPPER_EXTENSION = octest;
			};
			name = Debug;
		};
		EAFC065F17ABA3EA007F4122 /* Release */ = {
			isa = XCBuildConfiguration;
			buildSettings = {
				BUNDLE_LOADER = "$(BUILT_PRODUCTS_DIR)/pointdetector.app/pointdetector";
				FRAMEWORK_SEARCH_PATHS = (
					"$(SDKROOT)/Developer/Library/Frameworks",
					"$(DEVELOPER_LIBRARY_DIR)/Frameworks",
				);
				GCC_PRECOMPILE_PREFIX_HEADER = YES;
				GCC_PREFIX_HEADER = "pointdetector/pointdetector-Prefix.pch";
				INFOPLIST_FILE = "pointdetectorTests/pointdetectorTests-Info.plist";
				PRODUCT_NAME = "$(TARGET_NAME)";
				TEST_HOST = "$(BUNDLE_LOADER)";
				WRAPPER_EXTENSION = octest;
			};
			name = Release;
		};
/* End XCBuildConfiguration section */

/* Begin XCConfigurationList section */
		EAFC061317ABA3E9007F4122 /* Build configuration list for PBXProject "pointdetector" */ = {
			isa = XCConfigurationList;
			buildConfigurations = (
				EAFC065817ABA3EA007F4122 /* Debug */,
				EAFC065917ABA3EA007F4122 /* Release */,
			);
			defaultConfigurationIsVisible = 0;
			defaultConfigurationName = Release;
		};
		EAFC065A17ABA3EA007F4122 /* Build configuration list for PBXNativeTarget "pointdetector" */ = {
			isa = XCConfigurationList;
			buildConfigurations = (
				EAFC065B17ABA3EA007F4122 /* Debug */,
				EAFC065C17ABA3EA007F4122 /* Release */,
			);
			defaultConfigurationIsVisible = 0;
			defaultConfigurationName = Release;
		};
		EAFC065D17ABA3EA007F4122 /* Build configuration list for PBXNativeTarget "pointdetectorTests" */ = {
			isa = XCConfigurationList;
			buildConfigurations = (
				EAFC065E17ABA3EA007F4122 /* Debug */,
				EAFC065F17ABA3EA007F4122 /* Release */,
			);
			defaultConfigurationIsVisible = 0;
			defaultConfigurationName = Release;
		};
/* End XCConfigurationList section */
	};
	rootObject = EAFC061017ABA3E9007F4122 /* Project object */;
}
